// !$*UTF8*$!
{
	archiveVersion = 1;
	classes = {
	};
	objectVersion = 55;
	objects = {

/* Begin PBXBuildFile section */
		AC0D1E0129050D98002098EF /* RecipeTableViewCell.swift in Sources */ = {isa = PBXBuildFile; fileRef = AC0D1E0029050D98002098EF /* RecipeTableViewCell.swift */; };
		AC0D1E0429051202002098EF /* DatasourceRecipeTable.swift in Sources */ = {isa = PBXBuildFile; fileRef = AC0D1E0329051202002098EF /* DatasourceRecipeTable.swift */; };
		AC0D1E0B29051309002098EF /* UITableView+Extension.swift in Sources */ = {isa = PBXBuildFile; fileRef = AC0D1E0A29051309002098EF /* UITableView+Extension.swift */; };
		AC0D1E0D290513A2002098EF /* DelegateRecipeTable.swift in Sources */ = {isa = PBXBuildFile; fileRef = AC0D1E0C290513A2002098EF /* DelegateRecipeTable.swift */; };
		AC0D1E1329051A02002098EF /* HomeViewModelTest.swift in Sources */ = {isa = PBXBuildFile; fileRef = AC0D1E1229051A02002098EF /* HomeViewModelTest.swift */; };
		AC0D1E1829051C32002098EF /* FavoriteRecipesView.swift in Sources */ = {isa = PBXBuildFile; fileRef = AC0D1E1729051C32002098EF /* FavoriteRecipesView.swift */; };
		AC0D1E1E29051CE0002098EF /* DatasourceFavoriteRecipesTableView.swift in Sources */ = {isa = PBXBuildFile; fileRef = AC0D1E1D29051CE0002098EF /* DatasourceFavoriteRecipesTableView.swift */; };
		AC0D1E2029051CFD002098EF /* DelegateFavoriteRecipesTableView.swift in Sources */ = {isa = PBXBuildFile; fileRef = AC0D1E1F29051CFD002098EF /* DelegateFavoriteRecipesTableView.swift */; };
		AC0D1E2329051E6A002098EF /* FavoriteRecipesViewModel.swift in Sources */ = {isa = PBXBuildFile; fileRef = AC0D1E2229051E6A002098EF /* FavoriteRecipesViewModel.swift */; };
		AC0D1E2629051F02002098EF /* FavoriteRecipesCell.swift in Sources */ = {isa = PBXBuildFile; fileRef = AC0D1E2529051F02002098EF /* FavoriteRecipesCell.swift */; };
		AC0D1E28290520BE002098EF /* FavoriteRecipesViewController.swift in Sources */ = {isa = PBXBuildFile; fileRef = AC0D1E27290520BE002098EF /* FavoriteRecipesViewController.swift */; };
		AC0D1E2B290522A6002098EF /* UINavigationController+Extension.swift in Sources */ = {isa = PBXBuildFile; fileRef = AC0D1E2A290522A6002098EF /* UINavigationController+Extension.swift */; };
		AC0D1E2F2905232D002098EF /* FavoriteRecipesViewModelTest.swift in Sources */ = {isa = PBXBuildFile; fileRef = AC0D1E2E2905232D002098EF /* FavoriteRecipesViewModelTest.swift */; };
		AC22EC452906632700981483 /* SearchRecipeAPI.swift in Sources */ = {isa = PBXBuildFile; fileRef = AC22EC442906632700981483 /* SearchRecipeAPI.swift */; };
		AC22EC482906690100981483 /* SearchRecipeCell.swift in Sources */ = {isa = PBXBuildFile; fileRef = AC22EC472906690100981483 /* SearchRecipeCell.swift */; };
		AC22EC4B2906696B00981483 /* DatasourceSearchRecipeTable.swift in Sources */ = {isa = PBXBuildFile; fileRef = AC22EC4A2906696B00981483 /* DatasourceSearchRecipeTable.swift */; };
		AC22EC4D2906697400981483 /* DelegateSearchRecipeTable.swift in Sources */ = {isa = PBXBuildFile; fileRef = AC22EC4C2906697400981483 /* DelegateSearchRecipeTable.swift */; };
		AC22EC512906703200981483 /* LoadView.swift in Sources */ = {isa = PBXBuildFile; fileRef = AC22EC502906703200981483 /* LoadView.swift */; };
		AC22EC542906711500981483 /* UIViewController+Extension.swift in Sources */ = {isa = PBXBuildFile; fileRef = AC22EC532906711500981483 /* UIViewController+Extension.swift */; };
		AC22EC572906DD3400981483 /* SearchRecipeAPIMock.swift in Sources */ = {isa = PBXBuildFile; fileRef = AC22EC562906DD3400981483 /* SearchRecipeAPIMock.swift */; };
		AC22EC5B2906FA4C00981483 /* DetailRecipeView.swift in Sources */ = {isa = PBXBuildFile; fileRef = AC22EC5A2906FA4C00981483 /* DetailRecipeView.swift */; };
		AC22EC5E290704DC00981483 /* DetailRecipeViewController.swift in Sources */ = {isa = PBXBuildFile; fileRef = AC22EC5D290704DB00981483 /* DetailRecipeViewController.swift */; };
		AC22EC61290705A200981483 /* DetailRecipeViewModel.swift in Sources */ = {isa = PBXBuildFile; fileRef = AC22EC60290705A200981483 /* DetailRecipeViewModel.swift */; };
		AC7309A62904A5FB00A7CBEA /* ViewCodeDSL.swift in Sources */ = {isa = PBXBuildFile; fileRef = AC7309A52904A5FB00A7CBEA /* ViewCodeDSL.swift */; };
		AC7309A92904A68E00A7CBEA /* View+Anchor.swift in Sources */ = {isa = PBXBuildFile; fileRef = AC7309A82904A68E00A7CBEA /* View+Anchor.swift */; };
		AC7309B02904AD7400A7CBEA /* TextStyle.swift in Sources */ = {isa = PBXBuildFile; fileRef = AC7309AF2904AD7400A7CBEA /* TextStyle.swift */; };
		AC7309B42904ADA100A7CBEA /* TextColor.swift in Sources */ = {isa = PBXBuildFile; fileRef = AC7309B32904ADA000A7CBEA /* TextColor.swift */; };
		AC7309B72904B06300A7CBEA /* UILabel+Extension.swift in Sources */ = {isa = PBXBuildFile; fileRef = AC7309B62904B06300A7CBEA /* UILabel+Extension.swift */; };
		AC7309BB2904B15900A7CBEA /* TextStyleTest.swift in Sources */ = {isa = PBXBuildFile; fileRef = AC7309BA2904B15900A7CBEA /* TextStyleTest.swift */; };
		AC7309BF2904B40400A7CBEA /* TextColorTest.swift in Sources */ = {isa = PBXBuildFile; fileRef = AC7309BE2904B40400A7CBEA /* TextColorTest.swift */; };
		AC7309C32904B54500A7CBEA /* UILabel+ExtensionTest.swift in Sources */ = {isa = PBXBuildFile; fileRef = AC7309C22904B54500A7CBEA /* UILabel+ExtensionTest.swift */; };
		AC7309C82904B70D00A7CBEA /* HomeView.swift in Sources */ = {isa = PBXBuildFile; fileRef = AC7309C72904B70D00A7CBEA /* HomeView.swift */; };
		AC7309CB2904C20300A7CBEA /* ViewConfigurationProtocol.swift in Sources */ = {isa = PBXBuildFile; fileRef = AC7309CA2904C20300A7CBEA /* ViewConfigurationProtocol.swift */; };
		AC7309CE2904C3B000A7CBEA /* HomeViewController.swift in Sources */ = {isa = PBXBuildFile; fileRef = AC7309CD2904C3B000A7CBEA /* HomeViewController.swift */; };
		AC7309D12904C52400A7CBEA /* BackgroundColor.swift in Sources */ = {isa = PBXBuildFile; fileRef = AC7309D02904C52400A7CBEA /* BackgroundColor.swift */; };
		AC7309D32904C6A900A7CBEA /* BackgroundColorTest.swift in Sources */ = {isa = PBXBuildFile; fileRef = AC7309D22904C6A900A7CBEA /* BackgroundColorTest.swift */; };
		AC7309D52904C70400A7CBEA /* UIView+Extension.swift in Sources */ = {isa = PBXBuildFile; fileRef = AC7309D42904C70300A7CBEA /* UIView+Extension.swift */; };
		AC7309D82904C7A000A7CBEA /* UIView+ExtensionTest.swift in Sources */ = {isa = PBXBuildFile; fileRef = AC7309D72904C7A000A7CBEA /* UIView+ExtensionTest.swift */; };
		AC7309DA2904C93D00A7CBEA /* HomeViewModel.swift in Sources */ = {isa = PBXBuildFile; fileRef = AC7309D92904C93D00A7CBEA /* HomeViewModel.swift */; };
		AC7309DD2904CA4600A7CBEA /* RecipesCoordinator.swift in Sources */ = {isa = PBXBuildFile; fileRef = AC7309DC2904CA4600A7CBEA /* RecipesCoordinator.swift */; };
		AC845A1A2906259900BDE569 /* UIViewController.swift in Sources */ = {isa = PBXBuildFile; fileRef = AC845A192906259900BDE569 /* UIViewController.swift */; };
		AC845A1D29063E9700BDE569 /* RealmSwift in Frameworks */ = {isa = PBXBuildFile; productRef = AC845A1C29063E9700BDE569 /* RealmSwift */; };
		AC845A2029063EB700BDE569 /* RealmHandlerSingleton.swift in Sources */ = {isa = PBXBuildFile; fileRef = AC845A1F29063EB700BDE569 /* RealmHandlerSingleton.swift */; };
		AC8A362F29049C1E00A43188 /* SplashView.swift in Sources */ = {isa = PBXBuildFile; fileRef = AC8A362E29049C1E00A43188 /* SplashView.swift */; };
		AC8A363B2904A1C000A43188 /* DesignSystem.docc in Sources */ = {isa = PBXBuildFile; fileRef = AC8A363A2904A1C000A43188 /* DesignSystem.docc */; };
		AC8A36412904A1C000A43188 /* DesignSystem.framework in Frameworks */ = {isa = PBXBuildFile; fileRef = AC8A36372904A1C000A43188 /* DesignSystem.framework */; };
		AC8A36482904A1C000A43188 /* DesignSystemTests.swift in Sources */ = {isa = PBXBuildFile; fileRef = AC8A36472904A1C000A43188 /* DesignSystemTests.swift */; };
		AC8A36492904A1C000A43188 /* DesignSystem.h in Headers */ = {isa = PBXBuildFile; fileRef = AC8A36392904A1C000A43188 /* DesignSystem.h */; settings = {ATTRIBUTES = (Public, ); }; };
		AC8A364C2904A1C000A43188 /* DesignSystem.framework in Frameworks */ = {isa = PBXBuildFile; fileRef = AC8A36372904A1C000A43188 /* DesignSystem.framework */; };
		AC8A364D2904A1C000A43188 /* DesignSystem.framework in Embed Frameworks */ = {isa = PBXBuildFile; fileRef = AC8A36372904A1C000A43188 /* DesignSystem.framework */; settings = {ATTRIBUTES = (CodeSignOnCopy, RemoveHeadersOnCopy, ); }; };
		AC98F15929047E0400DFBE6F /* AppDelegate.swift in Sources */ = {isa = PBXBuildFile; fileRef = AC98F15829047E0400DFBE6F /* AppDelegate.swift */; };
		AC98F15B29047E0400DFBE6F /* SceneDelegate.swift in Sources */ = {isa = PBXBuildFile; fileRef = AC98F15A29047E0400DFBE6F /* SceneDelegate.swift */; };
		AC98F16229047E0400DFBE6F /* Assets.xcassets in Resources */ = {isa = PBXBuildFile; fileRef = AC98F16129047E0400DFBE6F /* Assets.xcassets */; };
		AC98F16529047E0400DFBE6F /* LaunchScreen.storyboard in Resources */ = {isa = PBXBuildFile; fileRef = AC98F16329047E0400DFBE6F /* LaunchScreen.storyboard */; };
		AC98F17A29047E0400DFBE6F /* RecipeBookUITests.swift in Sources */ = {isa = PBXBuildFile; fileRef = AC98F17929047E0400DFBE6F /* RecipeBookUITests.swift */; };
		AC98F17C29047E0400DFBE6F /* RecipeBookUITestsLaunchTests.swift in Sources */ = {isa = PBXBuildFile; fileRef = AC98F17B29047E0400DFBE6F /* RecipeBookUITestsLaunchTests.swift */; };
		AC98F18A29047F8600DFBE6F /* Lottie in Frameworks */ = {isa = PBXBuildFile; productRef = AC98F18929047F8600DFBE6F /* Lottie */; };
		AC98F18F2904801600DFBE6F /* SplashViewController.swift in Sources */ = {isa = PBXBuildFile; fileRef = AC98F18E2904801600DFBE6F /* SplashViewController.swift */; };
		AC98F1912904882B00DFBE6F /* recipesBookAnimation.json in Resources */ = {isa = PBXBuildFile; fileRef = AC98F1902904882B00DFBE6F /* recipesBookAnimation.json */; };
		ACB768BE2905A2C40085AE96 /* ButtonColor.swift in Sources */ = {isa = PBXBuildFile; fileRef = ACB768BD2905A2C40085AE96 /* ButtonColor.swift */; };
		ACB768C02905A38C0085AE96 /* ButtonStyle.swift in Sources */ = {isa = PBXBuildFile; fileRef = ACB768BF2905A38C0085AE96 /* ButtonStyle.swift */; };
		ACB768C32905A5110085AE96 /* UIButton+Extension.swift in Sources */ = {isa = PBXBuildFile; fileRef = ACB768C22905A5110085AE96 /* UIButton+Extension.swift */; };
		ACB768C62905A9370085AE96 /* ButtonStyleTest.swift in Sources */ = {isa = PBXBuildFile; fileRef = ACB768C52905A9370085AE96 /* ButtonStyleTest.swift */; };
		ACB768CA2905AC480085AE96 /* SearchRecipeView.swift in Sources */ = {isa = PBXBuildFile; fileRef = ACB768C92905AC480085AE96 /* SearchRecipeView.swift */; };
		ACB768CD2905AE990085AE96 /* SearchRecipeViewController.swift in Sources */ = {isa = PBXBuildFile; fileRef = ACB768CC2905AE990085AE96 /* SearchRecipeViewController.swift */; };
		ACB768D02905B2920085AE96 /* SearchRecipeViewModel.swift in Sources */ = {isa = PBXBuildFile; fileRef = ACB768CF2905B2920085AE96 /* SearchRecipeViewModel.swift */; };
		ACB768D42905B6680085AE96 /* SearchRecipeViewModelTest.swift in Sources */ = {isa = PBXBuildFile; fileRef = ACB768D32905B6680085AE96 /* SearchRecipeViewModelTest.swift */; };
		ACB768DF2905C1CA0085AE96 /* APIManager.docc in Sources */ = {isa = PBXBuildFile; fileRef = ACB768DE2905C1CA0085AE96 /* APIManager.docc */; };
		ACB768E52905C1CA0085AE96 /* APIManager.framework in Frameworks */ = {isa = PBXBuildFile; fileRef = ACB768DB2905C1CA0085AE96 /* APIManager.framework */; };
		ACB768EC2905C1CA0085AE96 /* APIManagerTests.swift in Sources */ = {isa = PBXBuildFile; fileRef = ACB768EB2905C1CA0085AE96 /* APIManagerTests.swift */; };
		ACB768ED2905C1CA0085AE96 /* APIManager.h in Headers */ = {isa = PBXBuildFile; fileRef = ACB768DD2905C1CA0085AE96 /* APIManager.h */; settings = {ATTRIBUTES = (Public, ); }; };
		ACB768F02905C1CA0085AE96 /* APIManager.framework in Frameworks */ = {isa = PBXBuildFile; fileRef = ACB768DB2905C1CA0085AE96 /* APIManager.framework */; };
		ACB768F12905C1CA0085AE96 /* APIManager.framework in Embed Frameworks */ = {isa = PBXBuildFile; fileRef = ACB768DB2905C1CA0085AE96 /* APIManager.framework */; settings = {ATTRIBUTES = (CodeSignOnCopy, RemoveHeadersOnCopy, ); }; };
		ACB768F92905C27A0085AE96 /* APIManager.swift in Sources */ = {isa = PBXBuildFile; fileRef = ACB768F82905C27A0085AE96 /* APIManager.swift */; };
		ACB768FB2905C2AC0085AE96 /* HttpMethod.swift in Sources */ = {isa = PBXBuildFile; fileRef = ACB768FA2905C2AC0085AE96 /* HttpMethod.swift */; };
		ACB768FD2905C2C40085AE96 /* HttpError.swift in Sources */ = {isa = PBXBuildFile; fileRef = ACB768FC2905C2C40085AE96 /* HttpError.swift */; };
		ACB769002905C4D20085AE96 /* HomeAPI.swift in Sources */ = {isa = PBXBuildFile; fileRef = ACB768FF2905C4D20085AE96 /* HomeAPI.swift */; };
		ACB769032905C5300085AE96 /* EnvironmentHandle.swift in Sources */ = {isa = PBXBuildFile; fileRef = ACB769022905C5300085AE96 /* EnvironmentHandle.swift */; };
		ACB769062905C73E0085AE96 /* Recipe.swift in Sources */ = {isa = PBXBuildFile; fileRef = ACB769052905C73E0085AE96 /* Recipe.swift */; };
		ACB769082905D3080085AE96 /* RecipePreview.swift in Sources */ = {isa = PBXBuildFile; fileRef = ACB769072905D3080085AE96 /* RecipePreview.swift */; };
		ACB7690A2906062C0085AE96 /* RecipeViewData.swift in Sources */ = {isa = PBXBuildFile; fileRef = ACB769092906062C0085AE96 /* RecipeViewData.swift */; };
		ACB7690D290616D10085AE96 /* UIImageView.swift in Sources */ = {isa = PBXBuildFile; fileRef = ACB7690C290616D10085AE96 /* UIImageView.swift */; };
		ACB7691129061FA00085AE96 /* HomeAPIMock.swift in Sources */ = {isa = PBXBuildFile; fileRef = ACB7691029061FA00085AE96 /* HomeAPIMock.swift */; };
		ACB7691429061FD90085AE96 /* RecipePreviewMock.swift in Sources */ = {isa = PBXBuildFile; fileRef = ACB7691329061FD90085AE96 /* RecipePreviewMock.swift */; };
		ACB769162906200D0085AE96 /* RecipePreviewResultMock.swift in Sources */ = {isa = PBXBuildFile; fileRef = ACB769152906200D0085AE96 /* RecipePreviewResultMock.swift */; };
		ACB76918290620940085AE96 /* RecipeMock.swift in Sources */ = {isa = PBXBuildFile; fileRef = ACB76917290620940085AE96 /* RecipeMock.swift */; };
/* End PBXBuildFile section */

/* Begin PBXContainerItemProxy section */
		AC8A36422904A1C000A43188 /* PBXContainerItemProxy */ = {
			isa = PBXContainerItemProxy;
			containerPortal = AC98F14D29047E0300DFBE6F /* Project object */;
			proxyType = 1;
			remoteGlobalIDString = AC8A36362904A1C000A43188;
			remoteInfo = DesignSystem;
		};
		AC8A36442904A1C000A43188 /* PBXContainerItemProxy */ = {
			isa = PBXContainerItemProxy;
			containerPortal = AC98F14D29047E0300DFBE6F /* Project object */;
			proxyType = 1;
			remoteGlobalIDString = AC98F15429047E0300DFBE6F;
			remoteInfo = RecipeBook;
		};
		AC8A364A2904A1C000A43188 /* PBXContainerItemProxy */ = {
			isa = PBXContainerItemProxy;
			containerPortal = AC98F14D29047E0300DFBE6F /* Project object */;
			proxyType = 1;
			remoteGlobalIDString = AC8A36362904A1C000A43188;
			remoteInfo = DesignSystem;
		};
		AC98F16C29047E0400DFBE6F /* PBXContainerItemProxy */ = {
			isa = PBXContainerItemProxy;
			containerPortal = AC98F14D29047E0300DFBE6F /* Project object */;
			proxyType = 1;
			remoteGlobalIDString = AC98F15429047E0300DFBE6F;
			remoteInfo = RecipeBook;
		};
		AC98F17629047E0400DFBE6F /* PBXContainerItemProxy */ = {
			isa = PBXContainerItemProxy;
			containerPortal = AC98F14D29047E0300DFBE6F /* Project object */;
			proxyType = 1;
			remoteGlobalIDString = AC98F15429047E0300DFBE6F;
			remoteInfo = RecipeBook;
		};
		ACB768E62905C1CA0085AE96 /* PBXContainerItemProxy */ = {
			isa = PBXContainerItemProxy;
			containerPortal = AC98F14D29047E0300DFBE6F /* Project object */;
			proxyType = 1;
			remoteGlobalIDString = ACB768DA2905C1CA0085AE96;
			remoteInfo = APIManager;
		};
		ACB768E82905C1CA0085AE96 /* PBXContainerItemProxy */ = {
			isa = PBXContainerItemProxy;
			containerPortal = AC98F14D29047E0300DFBE6F /* Project object */;
			proxyType = 1;
			remoteGlobalIDString = AC98F15429047E0300DFBE6F;
			remoteInfo = RecipeBook;
		};
		ACB768EE2905C1CA0085AE96 /* PBXContainerItemProxy */ = {
			isa = PBXContainerItemProxy;
			containerPortal = AC98F14D29047E0300DFBE6F /* Project object */;
			proxyType = 1;
			remoteGlobalIDString = ACB768DA2905C1CA0085AE96;
			remoteInfo = APIManager;
		};
/* End PBXContainerItemProxy section */

/* Begin PBXCopyFilesBuildPhase section */
		AC8A364E2904A1C000A43188 /* Embed Frameworks */ = {
			isa = PBXCopyFilesBuildPhase;
			buildActionMask = 2147483647;
			dstPath = "";
			dstSubfolderSpec = 10;
			files = (
				AC8A364D2904A1C000A43188 /* DesignSystem.framework in Embed Frameworks */,
				ACB768F12905C1CA0085AE96 /* APIManager.framework in Embed Frameworks */,
			);
			name = "Embed Frameworks";
			runOnlyForDeploymentPostprocessing = 0;
		};
/* End PBXCopyFilesBuildPhase section */

/* Begin PBXFileReference section */
		AC0D1E0029050D98002098EF /* RecipeTableViewCell.swift */ = {isa = PBXFileReference; lastKnownFileType = sourcecode.swift; path = RecipeTableViewCell.swift; sourceTree = "<group>"; };
		AC0D1E0329051202002098EF /* DatasourceRecipeTable.swift */ = {isa = PBXFileReference; lastKnownFileType = sourcecode.swift; path = DatasourceRecipeTable.swift; sourceTree = "<group>"; };
		AC0D1E0A29051309002098EF /* UITableView+Extension.swift */ = {isa = PBXFileReference; lastKnownFileType = sourcecode.swift; path = "UITableView+Extension.swift"; sourceTree = "<group>"; };
		AC0D1E0C290513A2002098EF /* DelegateRecipeTable.swift */ = {isa = PBXFileReference; lastKnownFileType = sourcecode.swift; path = DelegateRecipeTable.swift; sourceTree = "<group>"; };
		AC0D1E1229051A02002098EF /* HomeViewModelTest.swift */ = {isa = PBXFileReference; lastKnownFileType = sourcecode.swift; path = HomeViewModelTest.swift; sourceTree = "<group>"; };
		AC0D1E1729051C32002098EF /* FavoriteRecipesView.swift */ = {isa = PBXFileReference; lastKnownFileType = sourcecode.swift; path = FavoriteRecipesView.swift; sourceTree = "<group>"; };
		AC0D1E1D29051CE0002098EF /* DatasourceFavoriteRecipesTableView.swift */ = {isa = PBXFileReference; lastKnownFileType = sourcecode.swift; path = DatasourceFavoriteRecipesTableView.swift; sourceTree = "<group>"; };
		AC0D1E1F29051CFD002098EF /* DelegateFavoriteRecipesTableView.swift */ = {isa = PBXFileReference; lastKnownFileType = sourcecode.swift; path = DelegateFavoriteRecipesTableView.swift; sourceTree = "<group>"; };
		AC0D1E2229051E6A002098EF /* FavoriteRecipesViewModel.swift */ = {isa = PBXFileReference; lastKnownFileType = sourcecode.swift; path = FavoriteRecipesViewModel.swift; sourceTree = "<group>"; };
		AC0D1E2529051F02002098EF /* FavoriteRecipesCell.swift */ = {isa = PBXFileReference; lastKnownFileType = sourcecode.swift; path = FavoriteRecipesCell.swift; sourceTree = "<group>"; };
		AC0D1E27290520BE002098EF /* FavoriteRecipesViewController.swift */ = {isa = PBXFileReference; lastKnownFileType = sourcecode.swift; path = FavoriteRecipesViewController.swift; sourceTree = "<group>"; };
		AC0D1E2A290522A6002098EF /* UINavigationController+Extension.swift */ = {isa = PBXFileReference; lastKnownFileType = sourcecode.swift; path = "UINavigationController+Extension.swift"; sourceTree = "<group>"; };
		AC0D1E2E2905232D002098EF /* FavoriteRecipesViewModelTest.swift */ = {isa = PBXFileReference; lastKnownFileType = sourcecode.swift; path = FavoriteRecipesViewModelTest.swift; sourceTree = "<group>"; };
		AC22EC442906632700981483 /* SearchRecipeAPI.swift */ = {isa = PBXFileReference; lastKnownFileType = sourcecode.swift; path = SearchRecipeAPI.swift; sourceTree = "<group>"; };
		AC22EC472906690100981483 /* SearchRecipeCell.swift */ = {isa = PBXFileReference; lastKnownFileType = sourcecode.swift; path = SearchRecipeCell.swift; sourceTree = "<group>"; };
		AC22EC4A2906696B00981483 /* DatasourceSearchRecipeTable.swift */ = {isa = PBXFileReference; lastKnownFileType = sourcecode.swift; path = DatasourceSearchRecipeTable.swift; sourceTree = "<group>"; };
		AC22EC4C2906697400981483 /* DelegateSearchRecipeTable.swift */ = {isa = PBXFileReference; lastKnownFileType = sourcecode.swift; path = DelegateSearchRecipeTable.swift; sourceTree = "<group>"; };
		AC22EC502906703200981483 /* LoadView.swift */ = {isa = PBXFileReference; lastKnownFileType = sourcecode.swift; path = LoadView.swift; sourceTree = "<group>"; };
		AC22EC532906711500981483 /* UIViewController+Extension.swift */ = {isa = PBXFileReference; lastKnownFileType = sourcecode.swift; path = "UIViewController+Extension.swift"; sourceTree = "<group>"; };
		AC22EC562906DD3400981483 /* SearchRecipeAPIMock.swift */ = {isa = PBXFileReference; lastKnownFileType = sourcecode.swift; path = SearchRecipeAPIMock.swift; sourceTree = "<group>"; };
		AC22EC5A2906FA4C00981483 /* DetailRecipeView.swift */ = {isa = PBXFileReference; lastKnownFileType = sourcecode.swift; path = DetailRecipeView.swift; sourceTree = "<group>"; };
		AC22EC5D290704DB00981483 /* DetailRecipeViewController.swift */ = {isa = PBXFileReference; lastKnownFileType = sourcecode.swift; path = DetailRecipeViewController.swift; sourceTree = "<group>"; };
		AC22EC60290705A200981483 /* DetailRecipeViewModel.swift */ = {isa = PBXFileReference; lastKnownFileType = sourcecode.swift; path = DetailRecipeViewModel.swift; sourceTree = "<group>"; };
		AC7309A52904A5FB00A7CBEA /* ViewCodeDSL.swift */ = {isa = PBXFileReference; lastKnownFileType = sourcecode.swift; path = ViewCodeDSL.swift; sourceTree = "<group>"; };
		AC7309A82904A68E00A7CBEA /* View+Anchor.swift */ = {isa = PBXFileReference; lastKnownFileType = sourcecode.swift; path = "View+Anchor.swift"; sourceTree = "<group>"; };
		AC7309AF2904AD7400A7CBEA /* TextStyle.swift */ = {isa = PBXFileReference; lastKnownFileType = sourcecode.swift; path = TextStyle.swift; sourceTree = "<group>"; };
		AC7309B32904ADA000A7CBEA /* TextColor.swift */ = {isa = PBXFileReference; lastKnownFileType = sourcecode.swift; path = TextColor.swift; sourceTree = "<group>"; };
		AC7309B62904B06300A7CBEA /* UILabel+Extension.swift */ = {isa = PBXFileReference; lastKnownFileType = sourcecode.swift; path = "UILabel+Extension.swift"; sourceTree = "<group>"; };
		AC7309BA2904B15900A7CBEA /* TextStyleTest.swift */ = {isa = PBXFileReference; lastKnownFileType = sourcecode.swift; path = TextStyleTest.swift; sourceTree = "<group>"; };
		AC7309BE2904B40400A7CBEA /* TextColorTest.swift */ = {isa = PBXFileReference; lastKnownFileType = sourcecode.swift; path = TextColorTest.swift; sourceTree = "<group>"; };
		AC7309C22904B54500A7CBEA /* UILabel+ExtensionTest.swift */ = {isa = PBXFileReference; lastKnownFileType = sourcecode.swift; path = "UILabel+ExtensionTest.swift"; sourceTree = "<group>"; };
		AC7309C72904B70D00A7CBEA /* HomeView.swift */ = {isa = PBXFileReference; lastKnownFileType = sourcecode.swift; path = HomeView.swift; sourceTree = "<group>"; };
		AC7309CA2904C20300A7CBEA /* ViewConfigurationProtocol.swift */ = {isa = PBXFileReference; lastKnownFileType = sourcecode.swift; path = ViewConfigurationProtocol.swift; sourceTree = "<group>"; };
		AC7309CD2904C3B000A7CBEA /* HomeViewController.swift */ = {isa = PBXFileReference; lastKnownFileType = sourcecode.swift; path = HomeViewController.swift; sourceTree = "<group>"; };
		AC7309D02904C52400A7CBEA /* BackgroundColor.swift */ = {isa = PBXFileReference; lastKnownFileType = sourcecode.swift; path = BackgroundColor.swift; sourceTree = "<group>"; };
		AC7309D22904C6A900A7CBEA /* BackgroundColorTest.swift */ = {isa = PBXFileReference; lastKnownFileType = sourcecode.swift; path = BackgroundColorTest.swift; sourceTree = "<group>"; };
		AC7309D42904C70300A7CBEA /* UIView+Extension.swift */ = {isa = PBXFileReference; lastKnownFileType = sourcecode.swift; path = "UIView+Extension.swift"; sourceTree = "<group>"; };
		AC7309D72904C7A000A7CBEA /* UIView+ExtensionTest.swift */ = {isa = PBXFileReference; lastKnownFileType = sourcecode.swift; path = "UIView+ExtensionTest.swift"; sourceTree = "<group>"; };
		AC7309D92904C93D00A7CBEA /* HomeViewModel.swift */ = {isa = PBXFileReference; lastKnownFileType = sourcecode.swift; path = HomeViewModel.swift; sourceTree = "<group>"; };
		AC7309DC2904CA4600A7CBEA /* RecipesCoordinator.swift */ = {isa = PBXFileReference; lastKnownFileType = sourcecode.swift; path = RecipesCoordinator.swift; sourceTree = "<group>"; };
		AC845A192906259900BDE569 /* UIViewController.swift */ = {isa = PBXFileReference; lastKnownFileType = sourcecode.swift; path = UIViewController.swift; sourceTree = "<group>"; };
		AC845A1F29063EB700BDE569 /* RealmHandlerSingleton.swift */ = {isa = PBXFileReference; lastKnownFileType = sourcecode.swift; path = RealmHandlerSingleton.swift; sourceTree = "<group>"; };
		AC8A362E29049C1E00A43188 /* SplashView.swift */ = {isa = PBXFileReference; lastKnownFileType = sourcecode.swift; path = SplashView.swift; sourceTree = "<group>"; };
		AC8A36372904A1C000A43188 /* DesignSystem.framework */ = {isa = PBXFileReference; explicitFileType = wrapper.framework; includeInIndex = 0; path = DesignSystem.framework; sourceTree = BUILT_PRODUCTS_DIR; };
		AC8A36392904A1C000A43188 /* DesignSystem.h */ = {isa = PBXFileReference; lastKnownFileType = sourcecode.c.h; path = DesignSystem.h; sourceTree = "<group>"; };
		AC8A363A2904A1C000A43188 /* DesignSystem.docc */ = {isa = PBXFileReference; lastKnownFileType = folder.documentationcatalog; path = DesignSystem.docc; sourceTree = "<group>"; };
		AC8A36402904A1C000A43188 /* DesignSystemTests.xctest */ = {isa = PBXFileReference; explicitFileType = wrapper.cfbundle; includeInIndex = 0; path = DesignSystemTests.xctest; sourceTree = BUILT_PRODUCTS_DIR; };
		AC8A36472904A1C000A43188 /* DesignSystemTests.swift */ = {isa = PBXFileReference; lastKnownFileType = sourcecode.swift; path = DesignSystemTests.swift; sourceTree = "<group>"; };
		AC98F15529047E0300DFBE6F /* RecipeBook.app */ = {isa = PBXFileReference; explicitFileType = wrapper.application; includeInIndex = 0; path = RecipeBook.app; sourceTree = BUILT_PRODUCTS_DIR; };
		AC98F15829047E0400DFBE6F /* AppDelegate.swift */ = {isa = PBXFileReference; lastKnownFileType = sourcecode.swift; path = AppDelegate.swift; sourceTree = "<group>"; };
		AC98F15A29047E0400DFBE6F /* SceneDelegate.swift */ = {isa = PBXFileReference; lastKnownFileType = sourcecode.swift; path = SceneDelegate.swift; sourceTree = "<group>"; };
		AC98F16129047E0400DFBE6F /* Assets.xcassets */ = {isa = PBXFileReference; lastKnownFileType = folder.assetcatalog; path = Assets.xcassets; sourceTree = "<group>"; };
		AC98F16429047E0400DFBE6F /* Base */ = {isa = PBXFileReference; lastKnownFileType = file.storyboard; name = Base; path = Base.lproj/LaunchScreen.storyboard; sourceTree = "<group>"; };
		AC98F16629047E0400DFBE6F /* Info.plist */ = {isa = PBXFileReference; lastKnownFileType = text.plist.xml; path = Info.plist; sourceTree = "<group>"; };
		AC98F16B29047E0400DFBE6F /* RecipeBookTests.xctest */ = {isa = PBXFileReference; explicitFileType = wrapper.cfbundle; includeInIndex = 0; path = RecipeBookTests.xctest; sourceTree = BUILT_PRODUCTS_DIR; };
		AC98F17529047E0400DFBE6F /* RecipeBookUITests.xctest */ = {isa = PBXFileReference; explicitFileType = wrapper.cfbundle; includeInIndex = 0; path = RecipeBookUITests.xctest; sourceTree = BUILT_PRODUCTS_DIR; };
		AC98F17929047E0400DFBE6F /* RecipeBookUITests.swift */ = {isa = PBXFileReference; lastKnownFileType = sourcecode.swift; path = RecipeBookUITests.swift; sourceTree = "<group>"; };
		AC98F17B29047E0400DFBE6F /* RecipeBookUITestsLaunchTests.swift */ = {isa = PBXFileReference; lastKnownFileType = sourcecode.swift; path = RecipeBookUITestsLaunchTests.swift; sourceTree = "<group>"; };
		AC98F18E2904801600DFBE6F /* SplashViewController.swift */ = {isa = PBXFileReference; lastKnownFileType = sourcecode.swift; path = SplashViewController.swift; sourceTree = "<group>"; };
		AC98F1902904882B00DFBE6F /* recipesBookAnimation.json */ = {isa = PBXFileReference; fileEncoding = 4; lastKnownFileType = text.json; path = recipesBookAnimation.json; sourceTree = "<group>"; };
		ACB768BD2905A2C40085AE96 /* ButtonColor.swift */ = {isa = PBXFileReference; lastKnownFileType = sourcecode.swift; path = ButtonColor.swift; sourceTree = "<group>"; };
		ACB768BF2905A38C0085AE96 /* ButtonStyle.swift */ = {isa = PBXFileReference; lastKnownFileType = sourcecode.swift; path = ButtonStyle.swift; sourceTree = "<group>"; };
		ACB768C22905A5110085AE96 /* UIButton+Extension.swift */ = {isa = PBXFileReference; lastKnownFileType = sourcecode.swift; path = "UIButton+Extension.swift"; sourceTree = "<group>"; };
		ACB768C52905A9370085AE96 /* ButtonStyleTest.swift */ = {isa = PBXFileReference; lastKnownFileType = sourcecode.swift; path = ButtonStyleTest.swift; sourceTree = "<group>"; };
		ACB768C92905AC480085AE96 /* SearchRecipeView.swift */ = {isa = PBXFileReference; lastKnownFileType = sourcecode.swift; path = SearchRecipeView.swift; sourceTree = "<group>"; };
		ACB768CC2905AE990085AE96 /* SearchRecipeViewController.swift */ = {isa = PBXFileReference; lastKnownFileType = sourcecode.swift; path = SearchRecipeViewController.swift; sourceTree = "<group>"; };
		ACB768CF2905B2920085AE96 /* SearchRecipeViewModel.swift */ = {isa = PBXFileReference; lastKnownFileType = sourcecode.swift; path = SearchRecipeViewModel.swift; sourceTree = "<group>"; };
		ACB768D32905B6680085AE96 /* SearchRecipeViewModelTest.swift */ = {isa = PBXFileReference; lastKnownFileType = sourcecode.swift; path = SearchRecipeViewModelTest.swift; sourceTree = "<group>"; };
		ACB768DB2905C1CA0085AE96 /* APIManager.framework */ = {isa = PBXFileReference; explicitFileType = wrapper.framework; includeInIndex = 0; path = APIManager.framework; sourceTree = BUILT_PRODUCTS_DIR; };
		ACB768DD2905C1CA0085AE96 /* APIManager.h */ = {isa = PBXFileReference; lastKnownFileType = sourcecode.c.h; path = APIManager.h; sourceTree = "<group>"; };
		ACB768DE2905C1CA0085AE96 /* APIManager.docc */ = {isa = PBXFileReference; lastKnownFileType = folder.documentationcatalog; path = APIManager.docc; sourceTree = "<group>"; };
		ACB768E42905C1CA0085AE96 /* APIManagerTests.xctest */ = {isa = PBXFileReference; explicitFileType = wrapper.cfbundle; includeInIndex = 0; path = APIManagerTests.xctest; sourceTree = BUILT_PRODUCTS_DIR; };
		ACB768EB2905C1CA0085AE96 /* APIManagerTests.swift */ = {isa = PBXFileReference; lastKnownFileType = sourcecode.swift; path = APIManagerTests.swift; sourceTree = "<group>"; };
		ACB768F82905C27A0085AE96 /* APIManager.swift */ = {isa = PBXFileReference; lastKnownFileType = sourcecode.swift; path = APIManager.swift; sourceTree = "<group>"; };
		ACB768FA2905C2AC0085AE96 /* HttpMethod.swift */ = {isa = PBXFileReference; lastKnownFileType = sourcecode.swift; path = HttpMethod.swift; sourceTree = "<group>"; };
		ACB768FC2905C2C40085AE96 /* HttpError.swift */ = {isa = PBXFileReference; lastKnownFileType = sourcecode.swift; path = HttpError.swift; sourceTree = "<group>"; };
		ACB768FF2905C4D20085AE96 /* HomeAPI.swift */ = {isa = PBXFileReference; lastKnownFileType = sourcecode.swift; path = HomeAPI.swift; sourceTree = "<group>"; };
		ACB769022905C5300085AE96 /* EnvironmentHandle.swift */ = {isa = PBXFileReference; lastKnownFileType = sourcecode.swift; path = EnvironmentHandle.swift; sourceTree = "<group>"; };
		ACB769052905C73E0085AE96 /* Recipe.swift */ = {isa = PBXFileReference; lastKnownFileType = sourcecode.swift; path = Recipe.swift; sourceTree = "<group>"; };
		ACB769072905D3080085AE96 /* RecipePreview.swift */ = {isa = PBXFileReference; lastKnownFileType = sourcecode.swift; path = RecipePreview.swift; sourceTree = "<group>"; };
		ACB769092906062C0085AE96 /* RecipeViewData.swift */ = {isa = PBXFileReference; lastKnownFileType = sourcecode.swift; path = RecipeViewData.swift; sourceTree = "<group>"; };
		ACB7690C290616D10085AE96 /* UIImageView.swift */ = {isa = PBXFileReference; lastKnownFileType = sourcecode.swift; path = UIImageView.swift; sourceTree = "<group>"; };
		ACB7691029061FA00085AE96 /* HomeAPIMock.swift */ = {isa = PBXFileReference; lastKnownFileType = sourcecode.swift; path = HomeAPIMock.swift; sourceTree = "<group>"; };
		ACB7691329061FD90085AE96 /* RecipePreviewMock.swift */ = {isa = PBXFileReference; lastKnownFileType = sourcecode.swift; path = RecipePreviewMock.swift; sourceTree = "<group>"; };
		ACB769152906200D0085AE96 /* RecipePreviewResultMock.swift */ = {isa = PBXFileReference; lastKnownFileType = sourcecode.swift; path = RecipePreviewResultMock.swift; sourceTree = "<group>"; };
		ACB76917290620940085AE96 /* RecipeMock.swift */ = {isa = PBXFileReference; lastKnownFileType = sourcecode.swift; path = RecipeMock.swift; sourceTree = "<group>"; };
/* End PBXFileReference section */

/* Begin PBXFrameworksBuildPhase section */
		AC8A36342904A1C000A43188 /* Frameworks */ = {
			isa = PBXFrameworksBuildPhase;
			buildActionMask = 2147483647;
			files = (
			);
			runOnlyForDeploymentPostprocessing = 0;
		};
		AC8A363D2904A1C000A43188 /* Frameworks */ = {
			isa = PBXFrameworksBuildPhase;
			buildActionMask = 2147483647;
			files = (
				AC8A36412904A1C000A43188 /* DesignSystem.framework in Frameworks */,
			);
			runOnlyForDeploymentPostprocessing = 0;
		};
		AC98F15229047E0300DFBE6F /* Frameworks */ = {
			isa = PBXFrameworksBuildPhase;
			buildActionMask = 2147483647;
			files = (
				AC845A1D29063E9700BDE569 /* RealmSwift in Frameworks */,
				AC98F18A29047F8600DFBE6F /* Lottie in Frameworks */,
				AC8A364C2904A1C000A43188 /* DesignSystem.framework in Frameworks */,
				ACB768F02905C1CA0085AE96 /* APIManager.framework in Frameworks */,
			);
			runOnlyForDeploymentPostprocessing = 0;
		};
		AC98F16829047E0400DFBE6F /* Frameworks */ = {
			isa = PBXFrameworksBuildPhase;
			buildActionMask = 2147483647;
			files = (
			);
			runOnlyForDeploymentPostprocessing = 0;
		};
		AC98F17229047E0400DFBE6F /* Frameworks */ = {
			isa = PBXFrameworksBuildPhase;
			buildActionMask = 2147483647;
			files = (
			);
			runOnlyForDeploymentPostprocessing = 0;
		};
		ACB768D82905C1CA0085AE96 /* Frameworks */ = {
			isa = PBXFrameworksBuildPhase;
			buildActionMask = 2147483647;
			files = (
			);
			runOnlyForDeploymentPostprocessing = 0;
		};
		ACB768E12905C1CA0085AE96 /* Frameworks */ = {
			isa = PBXFrameworksBuildPhase;
			buildActionMask = 2147483647;
			files = (
				ACB768E52905C1CA0085AE96 /* APIManager.framework in Frameworks */,
			);
			runOnlyForDeploymentPostprocessing = 0;
		};
/* End PBXFrameworksBuildPhase section */

/* Begin PBXGroup section */
		AC0D1DFF29050D7D002098EF /* Cell */ = {
			isa = PBXGroup;
			children = (
				AC0D1E0029050D98002098EF /* RecipeTableViewCell.swift */,
			);
			path = Cell;
			sourceTree = "<group>";
		};
		AC0D1E02290511F1002098EF /* DatasourceDelegateTableView */ = {
			isa = PBXGroup;
			children = (
				AC0D1E0329051202002098EF /* DatasourceRecipeTable.swift */,
				AC0D1E0C290513A2002098EF /* DelegateRecipeTable.swift */,
			);
			path = DatasourceDelegateTableView;
			sourceTree = "<group>";
		};
		AC0D1E09290512FB002098EF /* UITableView */ = {
			isa = PBXGroup;
			children = (
				AC0D1E0A29051309002098EF /* UITableView+Extension.swift */,
			);
			path = UITableView;
			sourceTree = "<group>";
		};
		AC0D1E0E290519E4002098EF /* Home */ = {
			isa = PBXGroup;
			children = (
				ACB7691229061FD10085AE96 /* Model */,
				ACB7690F29061F940085AE96 /* API */,
				AC0D1E0F290519E8002098EF /* ViewModel */,
			);
			path = Home;
			sourceTree = "<group>";
		};
		AC0D1E0F290519E8002098EF /* ViewModel */ = {
			isa = PBXGroup;
			children = (
				AC0D1E1229051A02002098EF /* HomeViewModelTest.swift */,
			);
			path = ViewModel;
			sourceTree = "<group>";
		};
		AC0D1E1429051BEB002098EF /* FavoriteRecipes */ = {
			isa = PBXGroup;
			children = (
				AC0D1E2129051D1E002098EF /* ViewModel */,
				AC0D1E1629051C22002098EF /* ViewController */,
				AC0D1E1529051C1F002098EF /* View */,
			);
			path = FavoriteRecipes;
			sourceTree = "<group>";
		};
		AC0D1E1529051C1F002098EF /* View */ = {
			isa = PBXGroup;
			children = (
				AC0D1E2429051EF7002098EF /* Cell */,
				AC0D1E1729051C32002098EF /* FavoriteRecipesView.swift */,
			);
			path = View;
			sourceTree = "<group>";
		};
		AC0D1E1629051C22002098EF /* ViewController */ = {
			isa = PBXGroup;
			children = (
				AC0D1E1C29051CCB002098EF /* DatasourceDelegateTable */,
				AC0D1E27290520BE002098EF /* FavoriteRecipesViewController.swift */,
			);
			path = ViewController;
			sourceTree = "<group>";
		};
		AC0D1E1C29051CCB002098EF /* DatasourceDelegateTable */ = {
			isa = PBXGroup;
			children = (
				AC0D1E1D29051CE0002098EF /* DatasourceFavoriteRecipesTableView.swift */,
				AC0D1E1F29051CFD002098EF /* DelegateFavoriteRecipesTableView.swift */,
			);
			path = DatasourceDelegateTable;
			sourceTree = "<group>";
		};
		AC0D1E2129051D1E002098EF /* ViewModel */ = {
			isa = PBXGroup;
			children = (
				AC0D1E2229051E6A002098EF /* FavoriteRecipesViewModel.swift */,
			);
			path = ViewModel;
			sourceTree = "<group>";
		};
		AC0D1E2429051EF7002098EF /* Cell */ = {
			isa = PBXGroup;
			children = (
				AC0D1E2529051F02002098EF /* FavoriteRecipesCell.swift */,
			);
			path = Cell;
			sourceTree = "<group>";
		};
		AC0D1E2929052297002098EF /* UINavigationController */ = {
			isa = PBXGroup;
			children = (
				AC0D1E2A290522A6002098EF /* UINavigationController+Extension.swift */,
			);
			path = UINavigationController;
			sourceTree = "<group>";
		};
		AC0D1E2C29052313002098EF /* FavoriteRecipes */ = {
			isa = PBXGroup;
			children = (
				AC0D1E2D2905231C002098EF /* ViewModel */,
			);
			path = FavoriteRecipes;
			sourceTree = "<group>";
		};
		AC0D1E2D2905231C002098EF /* ViewModel */ = {
			isa = PBXGroup;
			children = (
				AC0D1E2E2905232D002098EF /* FavoriteRecipesViewModelTest.swift */,
			);
			path = ViewModel;
			sourceTree = "<group>";
		};
		AC22EC432906631A00981483 /* API */ = {
			isa = PBXGroup;
			children = (
				AC22EC442906632700981483 /* SearchRecipeAPI.swift */,
			);
			path = API;
			sourceTree = "<group>";
		};
		AC22EC46290668FC00981483 /* Cell */ = {
			isa = PBXGroup;
			children = (
				AC22EC472906690100981483 /* SearchRecipeCell.swift */,
			);
			path = Cell;
			sourceTree = "<group>";
		};
		AC22EC492906695200981483 /* DatasourceDelegate */ = {
			isa = PBXGroup;
			children = (
				AC22EC4A2906696B00981483 /* DatasourceSearchRecipeTable.swift */,
				AC22EC4C2906697400981483 /* DelegateSearchRecipeTable.swift */,
			);
			path = DatasourceDelegate;
			sourceTree = "<group>";
		};
		AC22EC4E2906701700981483 /* Components */ = {
			isa = PBXGroup;
			children = (
				AC22EC4F2906701B00981483 /* LoadView */,
			);
			path = Components;
			sourceTree = "<group>";
		};
		AC22EC4F2906701B00981483 /* LoadView */ = {
			isa = PBXGroup;
			children = (
				AC22EC502906703200981483 /* LoadView.swift */,
			);
			path = LoadView;
			sourceTree = "<group>";
		};
		AC22EC522906710600981483 /* UIViewController */ = {
			isa = PBXGroup;
			children = (
				AC22EC532906711500981483 /* UIViewController+Extension.swift */,
			);
			path = UIViewController;
			sourceTree = "<group>";
		};
		AC22EC552906DD2900981483 /* API */ = {
			isa = PBXGroup;
			children = (
				AC22EC562906DD3400981483 /* SearchRecipeAPIMock.swift */,
			);
			path = API;
			sourceTree = "<group>";
		};
		AC22EC582906F97300981483 /* DetailRecipe */ = {
			isa = PBXGroup;
			children = (
				AC22EC5F2907059700981483 /* ViewModel */,
				AC22EC5C290704D100981483 /* ViewController */,
				AC22EC592906F97E00981483 /* View */,
			);
			path = DetailRecipe;
			sourceTree = "<group>";
		};
		AC22EC592906F97E00981483 /* View */ = {
			isa = PBXGroup;
			children = (
				AC22EC5A2906FA4C00981483 /* DetailRecipeView.swift */,
			);
			path = View;
			sourceTree = "<group>";
		};
		AC22EC5C290704D100981483 /* ViewController */ = {
			isa = PBXGroup;
			children = (
				AC22EC5D290704DB00981483 /* DetailRecipeViewController.swift */,
			);
			path = ViewController;
			sourceTree = "<group>";
		};
		AC22EC5F2907059700981483 /* ViewModel */ = {
			isa = PBXGroup;
			children = (
				AC22EC60290705A200981483 /* DetailRecipeViewModel.swift */,
			);
			path = ViewModel;
			sourceTree = "<group>";
		};
		AC7309A42904A5EC00A7CBEA /* Extension */ = {
			isa = PBXGroup;
			children = (
				AC22EC522906710600981483 /* UIViewController */,
				ACB768C12905A5060085AE96 /* UIButton */,
				AC0D1E2929052297002098EF /* UINavigationController */,
				AC0D1E09290512FB002098EF /* UITableView */,
				AC7309B52904B05900A7CBEA /* UILabel */,
				AC7309A72904A62E00A7CBEA /* UIView */,
			);
			path = Extension;
			sourceTree = "<group>";
		};
		AC7309A72904A62E00A7CBEA /* UIView */ = {
			isa = PBXGroup;
			children = (
				AC7309A52904A5FB00A7CBEA /* ViewCodeDSL.swift */,
				AC7309A82904A68E00A7CBEA /* View+Anchor.swift */,
				AC7309CA2904C20300A7CBEA /* ViewConfigurationProtocol.swift */,
				AC7309D42904C70300A7CBEA /* UIView+Extension.swift */,
			);
			path = UIView;
			sourceTree = "<group>";
		};
		AC7309AD2904AD4100A7CBEA /* Styles */ = {
			isa = PBXGroup;
			children = (
				ACB768BB2905A28D0085AE96 /* ButtonStyle */,
				AC7309AE2904AD4900A7CBEA /* TextStyle */,
			);
			path = Styles;
			sourceTree = "<group>";
		};
		AC7309AE2904AD4900A7CBEA /* TextStyle */ = {
			isa = PBXGroup;
			children = (
				AC7309AF2904AD7400A7CBEA /* TextStyle.swift */,
			);
			path = TextStyle;
			sourceTree = "<group>";
		};
		AC7309B12904AD8900A7CBEA /* Colors */ = {
			isa = PBXGroup;
			children = (
				AC7309B32904ADA000A7CBEA /* TextColor.swift */,
				AC7309D02904C52400A7CBEA /* BackgroundColor.swift */,
				ACB768BD2905A2C40085AE96 /* ButtonColor.swift */,
			);
			path = Colors;
			sourceTree = "<group>";
		};
		AC7309B52904B05900A7CBEA /* UILabel */ = {
			isa = PBXGroup;
			children = (
				AC7309B62904B06300A7CBEA /* UILabel+Extension.swift */,
			);
			path = UILabel;
			sourceTree = "<group>";
		};
		AC7309B82904B13700A7CBEA /* Styles */ = {
			isa = PBXGroup;
			children = (
				ACB768C42905A9230085AE96 /* ButtonStyle */,
				AC7309B92904B14000A7CBEA /* TextStyle */,
			);
			path = Styles;
			sourceTree = "<group>";
		};
		AC7309B92904B14000A7CBEA /* TextStyle */ = {
			isa = PBXGroup;
			children = (
				AC7309BA2904B15900A7CBEA /* TextStyleTest.swift */,
			);
			path = TextStyle;
			sourceTree = "<group>";
		};
		AC7309BC2904B3F600A7CBEA /* Colors */ = {
			isa = PBXGroup;
			children = (
				AC7309BE2904B40400A7CBEA /* TextColorTest.swift */,
				AC7309D22904C6A900A7CBEA /* BackgroundColorTest.swift */,
			);
			path = Colors;
			sourceTree = "<group>";
		};
		AC7309C02904B53100A7CBEA /* Extension */ = {
			isa = PBXGroup;
			children = (
				AC7309D62904C78F00A7CBEA /* UIView */,
				AC7309C12904B53800A7CBEA /* UILabel */,
			);
			path = Extension;
			sourceTree = "<group>";
		};
		AC7309C12904B53800A7CBEA /* UILabel */ = {
			isa = PBXGroup;
			children = (
				AC7309C22904B54500A7CBEA /* UILabel+ExtensionTest.swift */,
			);
			path = UILabel;
			sourceTree = "<group>";
		};
		AC7309C42904B6F400A7CBEA /* Home */ = {
			isa = PBXGroup;
			children = (
				ACB769042905C7370085AE96 /* Model */,
				ACB768FE2905C4C90085AE96 /* API */,
				AC7309CC2904C3A200A7CBEA /* ViewModel */,
				AC7309C62904B70000A7CBEA /* View */,
				AC7309C52904B6FA00A7CBEA /* ViewController */,
			);
			path = Home;
			sourceTree = "<group>";
		};
		AC7309C52904B6FA00A7CBEA /* ViewController */ = {
			isa = PBXGroup;
			children = (
				AC0D1E02290511F1002098EF /* DatasourceDelegateTableView */,
				AC7309CD2904C3B000A7CBEA /* HomeViewController.swift */,
			);
			path = ViewController;
			sourceTree = "<group>";
		};
		AC7309C62904B70000A7CBEA /* View */ = {
			isa = PBXGroup;
			children = (
				AC0D1DFF29050D7D002098EF /* Cell */,
				AC7309C72904B70D00A7CBEA /* HomeView.swift */,
			);
			path = View;
			sourceTree = "<group>";
		};
		AC7309CC2904C3A200A7CBEA /* ViewModel */ = {
			isa = PBXGroup;
			children = (
				AC7309D92904C93D00A7CBEA /* HomeViewModel.swift */,
			);
			path = ViewModel;
			sourceTree = "<group>";
		};
		AC7309D62904C78F00A7CBEA /* UIView */ = {
			isa = PBXGroup;
			children = (
				AC7309D72904C7A000A7CBEA /* UIView+ExtensionTest.swift */,
			);
			path = UIView;
			sourceTree = "<group>";
		};
		AC7309DB2904CA2F00A7CBEA /* Coordinator */ = {
			isa = PBXGroup;
			children = (
				AC7309DC2904CA4600A7CBEA /* RecipesCoordinator.swift */,
			);
			path = Coordinator;
			sourceTree = "<group>";
		};
		AC845A1E29063EA700BDE569 /* Realm */ = {
			isa = PBXGroup;
			children = (
				AC845A1F29063EB700BDE569 /* RealmHandlerSingleton.swift */,
			);
			path = Realm;
			sourceTree = "<group>";
		};
		AC8A362D29049C1400A43188 /* View */ = {
			isa = PBXGroup;
			children = (
				AC8A362E29049C1E00A43188 /* SplashView.swift */,
			);
			path = View;
			sourceTree = "<group>";
		};
		AC8A363029049CD800A43188 /* ViewController */ = {
			isa = PBXGroup;
			children = (
				AC98F18E2904801600DFBE6F /* SplashViewController.swift */,
			);
			path = ViewController;
			sourceTree = "<group>";
		};
		AC8A363129049CDF00A43188 /* AnimationJSON */ = {
			isa = PBXGroup;
			children = (
				AC98F1902904882B00DFBE6F /* recipesBookAnimation.json */,
			);
			path = AnimationJSON;
			sourceTree = "<group>";
		};
		AC8A36382904A1C000A43188 /* DesignSystem */ = {
			isa = PBXGroup;
			children = (
				AC22EC4E2906701700981483 /* Components */,
				AC7309B12904AD8900A7CBEA /* Colors */,
				AC7309AD2904AD4100A7CBEA /* Styles */,
				AC7309A42904A5EC00A7CBEA /* Extension */,
				AC8A36392904A1C000A43188 /* DesignSystem.h */,
				AC8A363A2904A1C000A43188 /* DesignSystem.docc */,
			);
			path = DesignSystem;
			sourceTree = "<group>";
		};
		AC8A36462904A1C000A43188 /* DesignSystemTests */ = {
			isa = PBXGroup;
			children = (
				AC7309C02904B53100A7CBEA /* Extension */,
				AC7309BC2904B3F600A7CBEA /* Colors */,
				AC7309B82904B13700A7CBEA /* Styles */,
				AC8A36472904A1C000A43188 /* DesignSystemTests.swift */,
			);
			path = DesignSystemTests;
			sourceTree = "<group>";
		};
		AC98F14C29047E0300DFBE6F = {
			isa = PBXGroup;
			children = (
				AC98F15729047E0300DFBE6F /* RecipeBook */,
				AC98F16E29047E0400DFBE6F /* RecipeBookTests */,
				AC98F17829047E0400DFBE6F /* RecipeBookUITests */,
				AC8A36382904A1C000A43188 /* DesignSystem */,
				AC8A36462904A1C000A43188 /* DesignSystemTests */,
				ACB768DC2905C1CA0085AE96 /* APIManager */,
				ACB768EA2905C1CA0085AE96 /* APIManagerTests */,
				AC98F15629047E0300DFBE6F /* Products */,
			);
			sourceTree = "<group>";
		};
		AC98F15629047E0300DFBE6F /* Products */ = {
			isa = PBXGroup;
			children = (
				AC98F15529047E0300DFBE6F /* RecipeBook.app */,
				AC98F16B29047E0400DFBE6F /* RecipeBookTests.xctest */,
				AC98F17529047E0400DFBE6F /* RecipeBookUITests.xctest */,
				AC8A36372904A1C000A43188 /* DesignSystem.framework */,
				AC8A36402904A1C000A43188 /* DesignSystemTests.xctest */,
				ACB768DB2905C1CA0085AE96 /* APIManager.framework */,
				ACB768E42905C1CA0085AE96 /* APIManagerTests.xctest */,
			);
			name = Products;
			sourceTree = "<group>";
		};
		AC98F15729047E0300DFBE6F /* RecipeBook */ = {
			isa = PBXGroup;
			children = (
				AC845A1E29063EA700BDE569 /* Realm */,
				ACB7690B290616C50085AE96 /* Extension */,
				ACB769012905C5230085AE96 /* Environment */,
				AC7309DB2904CA2F00A7CBEA /* Coordinator */,
				AC22EC582906F97300981483 /* DetailRecipe */,
				ACB768C72905AC360085AE96 /* SearchRecipe */,
				AC0D1E1429051BEB002098EF /* FavoriteRecipes */,
				AC7309C42904B6F400A7CBEA /* Home */,
				AC98F18B29047FA700DFBE6F /* SplashScreen */,
				AC98F15829047E0400DFBE6F /* AppDelegate.swift */,
				AC98F15A29047E0400DFBE6F /* SceneDelegate.swift */,
				AC98F16329047E0400DFBE6F /* LaunchScreen.storyboard */,
				AC98F16129047E0400DFBE6F /* Assets.xcassets */,
				AC98F16629047E0400DFBE6F /* Info.plist */,
			);
			path = RecipeBook;
			sourceTree = "<group>";
		};
		AC98F16E29047E0400DFBE6F /* RecipeBookTests */ = {
			isa = PBXGroup;
			children = (
				ACB768D12905B64E0085AE96 /* SearchRecipe */,
				AC0D1E2C29052313002098EF /* FavoriteRecipes */,
				AC0D1E0E290519E4002098EF /* Home */,
			);
			path = RecipeBookTests;
			sourceTree = "<group>";
		};
		AC98F17829047E0400DFBE6F /* RecipeBookUITests */ = {
			isa = PBXGroup;
			children = (
				AC98F17929047E0400DFBE6F /* RecipeBookUITests.swift */,
				AC98F17B29047E0400DFBE6F /* RecipeBookUITestsLaunchTests.swift */,
			);
			path = RecipeBookUITests;
			sourceTree = "<group>";
		};
		AC98F18B29047FA700DFBE6F /* SplashScreen */ = {
			isa = PBXGroup;
			children = (
				AC8A363129049CDF00A43188 /* AnimationJSON */,
				AC8A363029049CD800A43188 /* ViewController */,
				AC8A362D29049C1400A43188 /* View */,
			);
			path = SplashScreen;
			sourceTree = "<group>";
		};
		ACB768BB2905A28D0085AE96 /* ButtonStyle */ = {
			isa = PBXGroup;
			children = (
				ACB768BF2905A38C0085AE96 /* ButtonStyle.swift */,
			);
			path = ButtonStyle;
			sourceTree = "<group>";
		};
		ACB768C12905A5060085AE96 /* UIButton */ = {
			isa = PBXGroup;
			children = (
				ACB768C22905A5110085AE96 /* UIButton+Extension.swift */,
			);
			path = UIButton;
			sourceTree = "<group>";
		};
		ACB768C42905A9230085AE96 /* ButtonStyle */ = {
			isa = PBXGroup;
			children = (
				ACB768C52905A9370085AE96 /* ButtonStyleTest.swift */,
			);
			path = ButtonStyle;
			sourceTree = "<group>";
		};
		ACB768C72905AC360085AE96 /* SearchRecipe */ = {
			isa = PBXGroup;
			children = (
				AC22EC432906631A00981483 /* API */,
				ACB768CE2905B2840085AE96 /* ViewModel */,
				ACB768CB2905AE880085AE96 /* ViewController */,
				ACB768C82905AC3E0085AE96 /* View */,
			);
			path = SearchRecipe;
			sourceTree = "<group>";
		};
		ACB768C82905AC3E0085AE96 /* View */ = {
			isa = PBXGroup;
			children = (
				AC22EC46290668FC00981483 /* Cell */,
				ACB768C92905AC480085AE96 /* SearchRecipeView.swift */,
			);
			path = View;
			sourceTree = "<group>";
		};
		ACB768CB2905AE880085AE96 /* ViewController */ = {
			isa = PBXGroup;
			children = (
				AC22EC492906695200981483 /* DatasourceDelegate */,
				ACB768CC2905AE990085AE96 /* SearchRecipeViewController.swift */,
			);
			path = ViewController;
			sourceTree = "<group>";
		};
		ACB768CE2905B2840085AE96 /* ViewModel */ = {
			isa = PBXGroup;
			children = (
				ACB768CF2905B2920085AE96 /* SearchRecipeViewModel.swift */,
			);
			path = ViewModel;
			sourceTree = "<group>";
		};
		ACB768D12905B64E0085AE96 /* SearchRecipe */ = {
			isa = PBXGroup;
			children = (
				AC22EC552906DD2900981483 /* API */,
				ACB768D22905B6530085AE96 /* ViewModel */,
			);
			path = SearchRecipe;
			sourceTree = "<group>";
		};
		ACB768D22905B6530085AE96 /* ViewModel */ = {
			isa = PBXGroup;
			children = (
				ACB768D32905B6680085AE96 /* SearchRecipeViewModelTest.swift */,
			);
			path = ViewModel;
			sourceTree = "<group>";
		};
		ACB768DC2905C1CA0085AE96 /* APIManager */ = {
			isa = PBXGroup;
			children = (
				ACB768DD2905C1CA0085AE96 /* APIManager.h */,
				ACB768DE2905C1CA0085AE96 /* APIManager.docc */,
				ACB768F82905C27A0085AE96 /* APIManager.swift */,
				ACB768FA2905C2AC0085AE96 /* HttpMethod.swift */,
				ACB768FC2905C2C40085AE96 /* HttpError.swift */,
			);
			path = APIManager;
			sourceTree = "<group>";
		};
		ACB768EA2905C1CA0085AE96 /* APIManagerTests */ = {
			isa = PBXGroup;
			children = (
				ACB768EB2905C1CA0085AE96 /* APIManagerTests.swift */,
			);
			path = APIManagerTests;
			sourceTree = "<group>";
		};
		ACB768FE2905C4C90085AE96 /* API */ = {
			isa = PBXGroup;
			children = (
				ACB768FF2905C4D20085AE96 /* HomeAPI.swift */,
			);
			path = API;
			sourceTree = "<group>";
		};
		ACB769012905C5230085AE96 /* Environment */ = {
			isa = PBXGroup;
			children = (
				ACB769022905C5300085AE96 /* EnvironmentHandle.swift */,
			);
			path = Environment;
			sourceTree = "<group>";
		};
		ACB769042905C7370085AE96 /* Model */ = {
			isa = PBXGroup;
			children = (
				ACB769092906062C0085AE96 /* RecipeViewData.swift */,
				ACB769052905C73E0085AE96 /* Recipe.swift */,
				ACB769072905D3080085AE96 /* RecipePreview.swift */,
			);
			path = Model;
			sourceTree = "<group>";
		};
		ACB7690B290616C50085AE96 /* Extension */ = {
			isa = PBXGroup;
			children = (
				ACB7690C290616D10085AE96 /* UIImageView.swift */,
				AC845A192906259900BDE569 /* UIViewController.swift */,
			);
			path = Extension;
			sourceTree = "<group>";
		};
		ACB7690F29061F940085AE96 /* API */ = {
			isa = PBXGroup;
			children = (
				ACB7691029061FA00085AE96 /* HomeAPIMock.swift */,
			);
			path = API;
			sourceTree = "<group>";
		};
		ACB7691229061FD10085AE96 /* Model */ = {
			isa = PBXGroup;
			children = (
				ACB7691329061FD90085AE96 /* RecipePreviewMock.swift */,
				ACB769152906200D0085AE96 /* RecipePreviewResultMock.swift */,
				ACB76917290620940085AE96 /* RecipeMock.swift */,
			);
			path = Model;
			sourceTree = "<group>";
		};
/* End PBXGroup section */

/* Begin PBXHeadersBuildPhase section */
		AC8A36322904A1C000A43188 /* Headers */ = {
			isa = PBXHeadersBuildPhase;
			buildActionMask = 2147483647;
			files = (
				AC8A36492904A1C000A43188 /* DesignSystem.h in Headers */,
			);
			runOnlyForDeploymentPostprocessing = 0;
		};
		ACB768D62905C1CA0085AE96 /* Headers */ = {
			isa = PBXHeadersBuildPhase;
			buildActionMask = 2147483647;
			files = (
				ACB768ED2905C1CA0085AE96 /* APIManager.h in Headers */,
			);
			runOnlyForDeploymentPostprocessing = 0;
		};
/* End PBXHeadersBuildPhase section */

/* Begin PBXNativeTarget section */
		AC8A36362904A1C000A43188 /* DesignSystem */ = {
			isa = PBXNativeTarget;
			buildConfigurationList = AC8A36532904A1C000A43188 /* Build configuration list for PBXNativeTarget "DesignSystem" */;
			buildPhases = (
				AC8A36322904A1C000A43188 /* Headers */,
				AC8A36332904A1C000A43188 /* Sources */,
				AC8A36342904A1C000A43188 /* Frameworks */,
				AC8A36352904A1C000A43188 /* Resources */,
			);
			buildRules = (
			);
			dependencies = (
			);
			name = DesignSystem;
			productName = DesignSystem;
			productReference = AC8A36372904A1C000A43188 /* DesignSystem.framework */;
			productType = "com.apple.product-type.framework";
		};
		AC8A363F2904A1C000A43188 /* DesignSystemTests */ = {
			isa = PBXNativeTarget;
			buildConfigurationList = AC8A36542904A1C000A43188 /* Build configuration list for PBXNativeTarget "DesignSystemTests" */;
			buildPhases = (
				AC8A363C2904A1C000A43188 /* Sources */,
				AC8A363D2904A1C000A43188 /* Frameworks */,
				AC8A363E2904A1C000A43188 /* Resources */,
			);
			buildRules = (
			);
			dependencies = (
				AC8A36432904A1C000A43188 /* PBXTargetDependency */,
				AC8A36452904A1C000A43188 /* PBXTargetDependency */,
			);
			name = DesignSystemTests;
			productName = DesignSystemTests;
			productReference = AC8A36402904A1C000A43188 /* DesignSystemTests.xctest */;
			productType = "com.apple.product-type.bundle.unit-test";
		};
		AC98F15429047E0300DFBE6F /* RecipeBook */ = {
			isa = PBXNativeTarget;
			buildConfigurationList = AC98F17F29047E0400DFBE6F /* Build configuration list for PBXNativeTarget "RecipeBook" */;
			buildPhases = (
				AC98F15129047E0300DFBE6F /* Sources */,
				AC98F15229047E0300DFBE6F /* Frameworks */,
				AC98F15329047E0300DFBE6F /* Resources */,
				AC8A364E2904A1C000A43188 /* Embed Frameworks */,
			);
			buildRules = (
			);
			dependencies = (
				AC8A364B2904A1C000A43188 /* PBXTargetDependency */,
				ACB768EF2905C1CA0085AE96 /* PBXTargetDependency */,
			);
			name = RecipeBook;
			packageProductDependencies = (
				AC98F18929047F8600DFBE6F /* Lottie */,
				AC845A1C29063E9700BDE569 /* RealmSwift */,
			);
			productName = RecipeBook;
			productReference = AC98F15529047E0300DFBE6F /* RecipeBook.app */;
			productType = "com.apple.product-type.application";
		};
		AC98F16A29047E0400DFBE6F /* RecipeBookTests */ = {
			isa = PBXNativeTarget;
			buildConfigurationList = AC98F18229047E0400DFBE6F /* Build configuration list for PBXNativeTarget "RecipeBookTests" */;
			buildPhases = (
				AC98F16729047E0400DFBE6F /* Sources */,
				AC98F16829047E0400DFBE6F /* Frameworks */,
				AC98F16929047E0400DFBE6F /* Resources */,
			);
			buildRules = (
			);
			dependencies = (
				AC98F16D29047E0400DFBE6F /* PBXTargetDependency */,
			);
			name = RecipeBookTests;
			productName = RecipeBookTests;
			productReference = AC98F16B29047E0400DFBE6F /* RecipeBookTests.xctest */;
			productType = "com.apple.product-type.bundle.unit-test";
		};
		AC98F17429047E0400DFBE6F /* RecipeBookUITests */ = {
			isa = PBXNativeTarget;
			buildConfigurationList = AC98F18529047E0400DFBE6F /* Build configuration list for PBXNativeTarget "RecipeBookUITests" */;
			buildPhases = (
				AC98F17129047E0400DFBE6F /* Sources */,
				AC98F17229047E0400DFBE6F /* Frameworks */,
				AC98F17329047E0400DFBE6F /* Resources */,
			);
			buildRules = (
			);
			dependencies = (
				AC98F17729047E0400DFBE6F /* PBXTargetDependency */,
			);
			name = RecipeBookUITests;
			productName = RecipeBookUITests;
			productReference = AC98F17529047E0400DFBE6F /* RecipeBookUITests.xctest */;
			productType = "com.apple.product-type.bundle.ui-testing";
		};
		ACB768DA2905C1CA0085AE96 /* APIManager */ = {
			isa = PBXNativeTarget;
			buildConfigurationList = ACB768F62905C1CA0085AE96 /* Build configuration list for PBXNativeTarget "APIManager" */;
			buildPhases = (
				ACB768D62905C1CA0085AE96 /* Headers */,
				ACB768D72905C1CA0085AE96 /* Sources */,
				ACB768D82905C1CA0085AE96 /* Frameworks */,
				ACB768D92905C1CA0085AE96 /* Resources */,
			);
			buildRules = (
			);
			dependencies = (
			);
			name = APIManager;
			productName = APIManager;
			productReference = ACB768DB2905C1CA0085AE96 /* APIManager.framework */;
			productType = "com.apple.product-type.framework";
		};
		ACB768E32905C1CA0085AE96 /* APIManagerTests */ = {
			isa = PBXNativeTarget;
			buildConfigurationList = ACB768F72905C1CA0085AE96 /* Build configuration list for PBXNativeTarget "APIManagerTests" */;
			buildPhases = (
				ACB768E02905C1CA0085AE96 /* Sources */,
				ACB768E12905C1CA0085AE96 /* Frameworks */,
				ACB768E22905C1CA0085AE96 /* Resources */,
			);
			buildRules = (
			);
			dependencies = (
				ACB768E72905C1CA0085AE96 /* PBXTargetDependency */,
				ACB768E92905C1CA0085AE96 /* PBXTargetDependency */,
			);
			name = APIManagerTests;
			productName = APIManagerTests;
			productReference = ACB768E42905C1CA0085AE96 /* APIManagerTests.xctest */;
			productType = "com.apple.product-type.bundle.unit-test";
		};
/* End PBXNativeTarget section */

/* Begin PBXProject section */
		AC98F14D29047E0300DFBE6F /* Project object */ = {
			isa = PBXProject;
			attributes = {
				BuildIndependentTargetsInParallel = 1;
				LastSwiftUpdateCheck = 1320;
				LastUpgradeCheck = 1320;
				TargetAttributes = {
					AC8A36362904A1C000A43188 = {
						CreatedOnToolsVersion = 13.2.1;
					};
					AC8A363F2904A1C000A43188 = {
						CreatedOnToolsVersion = 13.2.1;
						TestTargetID = AC98F15429047E0300DFBE6F;
					};
					AC98F15429047E0300DFBE6F = {
						CreatedOnToolsVersion = 13.2.1;
					};
					AC98F16A29047E0400DFBE6F = {
						CreatedOnToolsVersion = 13.2.1;
						TestTargetID = AC98F15429047E0300DFBE6F;
					};
					AC98F17429047E0400DFBE6F = {
						CreatedOnToolsVersion = 13.2.1;
						TestTargetID = AC98F15429047E0300DFBE6F;
					};
					ACB768DA2905C1CA0085AE96 = {
						CreatedOnToolsVersion = 13.2.1;
					};
					ACB768E32905C1CA0085AE96 = {
						CreatedOnToolsVersion = 13.2.1;
						TestTargetID = AC98F15429047E0300DFBE6F;
					};
				};
			};
			buildConfigurationList = AC98F15029047E0300DFBE6F /* Build configuration list for PBXProject "RecipeBook" */;
			compatibilityVersion = "Xcode 13.0";
			developmentRegion = en;
			hasScannedForEncodings = 0;
			knownRegions = (
				en,
				Base,
			);
			mainGroup = AC98F14C29047E0300DFBE6F;
			packageReferences = (
				AC98F18829047F8600DFBE6F /* XCRemoteSwiftPackageReference "lottie-ios" */,
				AC845A1B29063E9700BDE569 /* XCRemoteSwiftPackageReference "realm-swift" */,
			);
			productRefGroup = AC98F15629047E0300DFBE6F /* Products */;
			projectDirPath = "";
			projectRoot = "";
			targets = (
				AC98F15429047E0300DFBE6F /* RecipeBook */,
				AC98F16A29047E0400DFBE6F /* RecipeBookTests */,
				AC98F17429047E0400DFBE6F /* RecipeBookUITests */,
				AC8A36362904A1C000A43188 /* DesignSystem */,
				AC8A363F2904A1C000A43188 /* DesignSystemTests */,
				ACB768DA2905C1CA0085AE96 /* APIManager */,
				ACB768E32905C1CA0085AE96 /* APIManagerTests */,
			);
		};
/* End PBXProject section */

/* Begin PBXResourcesBuildPhase section */
		AC8A36352904A1C000A43188 /* Resources */ = {
			isa = PBXResourcesBuildPhase;
			buildActionMask = 2147483647;
			files = (
			);
			runOnlyForDeploymentPostprocessing = 0;
		};
		AC8A363E2904A1C000A43188 /* Resources */ = {
			isa = PBXResourcesBuildPhase;
			buildActionMask = 2147483647;
			files = (
			);
			runOnlyForDeploymentPostprocessing = 0;
		};
		AC98F15329047E0300DFBE6F /* Resources */ = {
			isa = PBXResourcesBuildPhase;
			buildActionMask = 2147483647;
			files = (
				AC98F16529047E0400DFBE6F /* LaunchScreen.storyboard in Resources */,
				AC98F16229047E0400DFBE6F /* Assets.xcassets in Resources */,
				AC98F1912904882B00DFBE6F /* recipesBookAnimation.json in Resources */,
			);
			runOnlyForDeploymentPostprocessing = 0;
		};
		AC98F16929047E0400DFBE6F /* Resources */ = {
			isa = PBXResourcesBuildPhase;
			buildActionMask = 2147483647;
			files = (
			);
			runOnlyForDeploymentPostprocessing = 0;
		};
		AC98F17329047E0400DFBE6F /* Resources */ = {
			isa = PBXResourcesBuildPhase;
			buildActionMask = 2147483647;
			files = (
			);
			runOnlyForDeploymentPostprocessing = 0;
		};
		ACB768D92905C1CA0085AE96 /* Resources */ = {
			isa = PBXResourcesBuildPhase;
			buildActionMask = 2147483647;
			files = (
			);
			runOnlyForDeploymentPostprocessing = 0;
		};
		ACB768E22905C1CA0085AE96 /* Resources */ = {
			isa = PBXResourcesBuildPhase;
			buildActionMask = 2147483647;
			files = (
			);
			runOnlyForDeploymentPostprocessing = 0;
		};
/* End PBXResourcesBuildPhase section */

/* Begin PBXSourcesBuildPhase section */
		AC8A36332904A1C000A43188 /* Sources */ = {
			isa = PBXSourcesBuildPhase;
			buildActionMask = 2147483647;
			files = (
				AC22EC542906711500981483 /* UIViewController+Extension.swift in Sources */,
				AC22EC512906703200981483 /* LoadView.swift in Sources */,
				ACB768C02905A38C0085AE96 /* ButtonStyle.swift in Sources */,
				AC7309B02904AD7400A7CBEA /* TextStyle.swift in Sources */,
				AC7309A62904A5FB00A7CBEA /* ViewCodeDSL.swift in Sources */,
				AC0D1E2B290522A6002098EF /* UINavigationController+Extension.swift in Sources */,
				AC7309B72904B06300A7CBEA /* UILabel+Extension.swift in Sources */,
				AC7309B42904ADA100A7CBEA /* TextColor.swift in Sources */,
				AC7309A92904A68E00A7CBEA /* View+Anchor.swift in Sources */,
				AC7309CB2904C20300A7CBEA /* ViewConfigurationProtocol.swift in Sources */,
				ACB768BE2905A2C40085AE96 /* ButtonColor.swift in Sources */,
				AC8A363B2904A1C000A43188 /* DesignSystem.docc in Sources */,
				AC0D1E0B29051309002098EF /* UITableView+Extension.swift in Sources */,
				AC7309D52904C70400A7CBEA /* UIView+Extension.swift in Sources */,
				AC7309D12904C52400A7CBEA /* BackgroundColor.swift in Sources */,
				ACB768C32905A5110085AE96 /* UIButton+Extension.swift in Sources */,
			);
			runOnlyForDeploymentPostprocessing = 0;
		};
		AC8A363C2904A1C000A43188 /* Sources */ = {
			isa = PBXSourcesBuildPhase;
			buildActionMask = 2147483647;
			files = (
				ACB768C62905A9370085AE96 /* ButtonStyleTest.swift in Sources */,
				AC7309D82904C7A000A7CBEA /* UIView+ExtensionTest.swift in Sources */,
				AC7309C32904B54500A7CBEA /* UILabel+ExtensionTest.swift in Sources */,
				AC7309D32904C6A900A7CBEA /* BackgroundColorTest.swift in Sources */,
				AC7309BF2904B40400A7CBEA /* TextColorTest.swift in Sources */,
				AC7309BB2904B15900A7CBEA /* TextStyleTest.swift in Sources */,
				AC8A36482904A1C000A43188 /* DesignSystemTests.swift in Sources */,
			);
			runOnlyForDeploymentPostprocessing = 0;
		};
		AC98F15129047E0300DFBE6F /* Sources */ = {
			isa = PBXSourcesBuildPhase;
			buildActionMask = 2147483647;
			files = (
				AC98F15929047E0400DFBE6F /* AppDelegate.swift in Sources */,
				AC0D1E1E29051CE0002098EF /* DatasourceFavoriteRecipesTableView.swift in Sources */,
				AC845A1A2906259900BDE569 /* UIViewController.swift in Sources */,
				AC22EC452906632700981483 /* SearchRecipeAPI.swift in Sources */,
				AC22EC4B2906696B00981483 /* DatasourceSearchRecipeTable.swift in Sources */,
				AC0D1E0429051202002098EF /* DatasourceRecipeTable.swift in Sources */,
				AC0D1E1829051C32002098EF /* FavoriteRecipesView.swift in Sources */,
				ACB768D02905B2920085AE96 /* SearchRecipeViewModel.swift in Sources */,
				AC0D1E0D290513A2002098EF /* DelegateRecipeTable.swift in Sources */,
				AC22EC5B2906FA4C00981483 /* DetailRecipeView.swift in Sources */,
				AC8A362F29049C1E00A43188 /* SplashView.swift in Sources */,
				ACB769002905C4D20085AE96 /* HomeAPI.swift in Sources */,
				AC22EC4D2906697400981483 /* DelegateSearchRecipeTable.swift in Sources */,
				ACB769082905D3080085AE96 /* RecipePreview.swift in Sources */,
				ACB768CA2905AC480085AE96 /* SearchRecipeView.swift in Sources */,
				ACB7690A2906062C0085AE96 /* RecipeViewData.swift in Sources */,
				AC845A2029063EB700BDE569 /* RealmHandlerSingleton.swift in Sources */,
				AC7309DD2904CA4600A7CBEA /* RecipesCoordinator.swift in Sources */,
				ACB769062905C73E0085AE96 /* Recipe.swift in Sources */,
				AC0D1E0129050D98002098EF /* RecipeTableViewCell.swift in Sources */,
				AC0D1E2029051CFD002098EF /* DelegateFavoriteRecipesTableView.swift in Sources */,
				AC22EC61290705A200981483 /* DetailRecipeViewModel.swift in Sources */,
				AC7309DA2904C93D00A7CBEA /* HomeViewModel.swift in Sources */,
				ACB7690D290616D10085AE96 /* UIImageView.swift in Sources */,
				AC0D1E2329051E6A002098EF /* FavoriteRecipesViewModel.swift in Sources */,
				AC22EC5E290704DC00981483 /* DetailRecipeViewController.swift in Sources */,
				AC22EC482906690100981483 /* SearchRecipeCell.swift in Sources */,
				AC0D1E28290520BE002098EF /* FavoriteRecipesViewController.swift in Sources */,
				AC98F15B29047E0400DFBE6F /* SceneDelegate.swift in Sources */,
				AC7309C82904B70D00A7CBEA /* HomeView.swift in Sources */,
				AC98F18F2904801600DFBE6F /* SplashViewController.swift in Sources */,
				ACB768CD2905AE990085AE96 /* SearchRecipeViewController.swift in Sources */,
				ACB769032905C5300085AE96 /* EnvironmentHandle.swift in Sources */,
				AC7309CE2904C3B000A7CBEA /* HomeViewController.swift in Sources */,
				AC0D1E2629051F02002098EF /* FavoriteRecipesCell.swift in Sources */,
			);
			runOnlyForDeploymentPostprocessing = 0;
		};
		AC98F16729047E0400DFBE6F /* Sources */ = {
			isa = PBXSourcesBuildPhase;
			buildActionMask = 2147483647;
			files = (
				ACB7691129061FA00085AE96 /* HomeAPIMock.swift in Sources */,
				ACB768D42905B6680085AE96 /* SearchRecipeViewModelTest.swift in Sources */,
				AC0D1E2F2905232D002098EF /* FavoriteRecipesViewModelTest.swift in Sources */,
				ACB769162906200D0085AE96 /* RecipePreviewResultMock.swift in Sources */,
				ACB76918290620940085AE96 /* RecipeMock.swift in Sources */,
				ACB7691429061FD90085AE96 /* RecipePreviewMock.swift in Sources */,
				AC22EC572906DD3400981483 /* SearchRecipeAPIMock.swift in Sources */,
				AC0D1E1329051A02002098EF /* HomeViewModelTest.swift in Sources */,
			);
			runOnlyForDeploymentPostprocessing = 0;
		};
		AC98F17129047E0400DFBE6F /* Sources */ = {
			isa = PBXSourcesBuildPhase;
			buildActionMask = 2147483647;
			files = (
				AC98F17A29047E0400DFBE6F /* RecipeBookUITests.swift in Sources */,
				AC98F17C29047E0400DFBE6F /* RecipeBookUITestsLaunchTests.swift in Sources */,
			);
			runOnlyForDeploymentPostprocessing = 0;
		};
		ACB768D72905C1CA0085AE96 /* Sources */ = {
			isa = PBXSourcesBuildPhase;
			buildActionMask = 2147483647;
			files = (
				ACB768FD2905C2C40085AE96 /* HttpError.swift in Sources */,
				ACB768F92905C27A0085AE96 /* APIManager.swift in Sources */,
				ACB768FB2905C2AC0085AE96 /* HttpMethod.swift in Sources */,
				ACB768DF2905C1CA0085AE96 /* APIManager.docc in Sources */,
			);
			runOnlyForDeploymentPostprocessing = 0;
		};
		ACB768E02905C1CA0085AE96 /* Sources */ = {
			isa = PBXSourcesBuildPhase;
			buildActionMask = 2147483647;
			files = (
				ACB768EC2905C1CA0085AE96 /* APIManagerTests.swift in Sources */,
			);
			runOnlyForDeploymentPostprocessing = 0;
		};
/* End PBXSourcesBuildPhase section */

/* Begin PBXTargetDependency section */
		AC8A36432904A1C000A43188 /* PBXTargetDependency */ = {
			isa = PBXTargetDependency;
			target = AC8A36362904A1C000A43188 /* DesignSystem */;
			targetProxy = AC8A36422904A1C000A43188 /* PBXContainerItemProxy */;
		};
		AC8A36452904A1C000A43188 /* PBXTargetDependency */ = {
			isa = PBXTargetDependency;
			target = AC98F15429047E0300DFBE6F /* RecipeBook */;
			targetProxy = AC8A36442904A1C000A43188 /* PBXContainerItemProxy */;
		};
		AC8A364B2904A1C000A43188 /* PBXTargetDependency */ = {
			isa = PBXTargetDependency;
			target = AC8A36362904A1C000A43188 /* DesignSystem */;
			targetProxy = AC8A364A2904A1C000A43188 /* PBXContainerItemProxy */;
		};
		AC98F16D29047E0400DFBE6F /* PBXTargetDependency */ = {
			isa = PBXTargetDependency;
			target = AC98F15429047E0300DFBE6F /* RecipeBook */;
			targetProxy = AC98F16C29047E0400DFBE6F /* PBXContainerItemProxy */;
		};
		AC98F17729047E0400DFBE6F /* PBXTargetDependency */ = {
			isa = PBXTargetDependency;
			target = AC98F15429047E0300DFBE6F /* RecipeBook */;
			targetProxy = AC98F17629047E0400DFBE6F /* PBXContainerItemProxy */;
		};
		ACB768E72905C1CA0085AE96 /* PBXTargetDependency */ = {
			isa = PBXTargetDependency;
			target = ACB768DA2905C1CA0085AE96 /* APIManager */;
			targetProxy = ACB768E62905C1CA0085AE96 /* PBXContainerItemProxy */;
		};
		ACB768E92905C1CA0085AE96 /* PBXTargetDependency */ = {
			isa = PBXTargetDependency;
			target = AC98F15429047E0300DFBE6F /* RecipeBook */;
			targetProxy = ACB768E82905C1CA0085AE96 /* PBXContainerItemProxy */;
		};
		ACB768EF2905C1CA0085AE96 /* PBXTargetDependency */ = {
			isa = PBXTargetDependency;
			target = ACB768DA2905C1CA0085AE96 /* APIManager */;
			targetProxy = ACB768EE2905C1CA0085AE96 /* PBXContainerItemProxy */;
		};
/* End PBXTargetDependency section */

/* Begin PBXVariantGroup section */
		AC98F16329047E0400DFBE6F /* LaunchScreen.storyboard */ = {
			isa = PBXVariantGroup;
			children = (
				AC98F16429047E0400DFBE6F /* Base */,
			);
			name = LaunchScreen.storyboard;
			sourceTree = "<group>";
		};
/* End PBXVariantGroup section */

/* Begin XCBuildConfiguration section */
		AC8A364F2904A1C000A43188 /* Debug */ = {
			isa = XCBuildConfiguration;
			buildSettings = {
				CODE_SIGN_STYLE = Automatic;
				CURRENT_PROJECT_VERSION = 1;
				DEFINES_MODULE = YES;
				DEVELOPMENT_TEAM = 69845R2YL4;
				DYLIB_COMPATIBILITY_VERSION = 1;
				DYLIB_CURRENT_VERSION = 1;
				DYLIB_INSTALL_NAME_BASE = "@rpath";
				GENERATE_INFOPLIST_FILE = YES;
				INFOPLIST_KEY_NSHumanReadableCopyright = "";
				INSTALL_PATH = "$(LOCAL_LIBRARY_DIR)/Frameworks";
				LD_RUNPATH_SEARCH_PATHS = (
					"$(inherited)",
					"@executable_path/Frameworks",
					"@loader_path/Frameworks",
				);
				MARKETING_VERSION = 1.0;
				PRODUCT_BUNDLE_IDENTIFIER = com.juancompany.DesignSystem;
				PRODUCT_NAME = "$(TARGET_NAME:c99extidentifier)";
				SKIP_INSTALL = YES;
				SWIFT_EMIT_LOC_STRINGS = YES;
				SWIFT_VERSION = 5.0;
				TARGETED_DEVICE_FAMILY = "1,2";
				VERSIONING_SYSTEM = "apple-generic";
				VERSION_INFO_PREFIX = "";
			};
			name = Debug;
		};
		AC8A36502904A1C000A43188 /* Release */ = {
			isa = XCBuildConfiguration;
			buildSettings = {
				CODE_SIGN_STYLE = Automatic;
				CURRENT_PROJECT_VERSION = 1;
				DEFINES_MODULE = YES;
				DEVELOPMENT_TEAM = 69845R2YL4;
				DYLIB_COMPATIBILITY_VERSION = 1;
				DYLIB_CURRENT_VERSION = 1;
				DYLIB_INSTALL_NAME_BASE = "@rpath";
				GENERATE_INFOPLIST_FILE = YES;
				INFOPLIST_KEY_NSHumanReadableCopyright = "";
				INSTALL_PATH = "$(LOCAL_LIBRARY_DIR)/Frameworks";
				LD_RUNPATH_SEARCH_PATHS = (
					"$(inherited)",
					"@executable_path/Frameworks",
					"@loader_path/Frameworks",
				);
				MARKETING_VERSION = 1.0;
				PRODUCT_BUNDLE_IDENTIFIER = com.juancompany.DesignSystem;
				PRODUCT_NAME = "$(TARGET_NAME:c99extidentifier)";
				SKIP_INSTALL = YES;
				SWIFT_EMIT_LOC_STRINGS = YES;
				SWIFT_VERSION = 5.0;
				TARGETED_DEVICE_FAMILY = "1,2";
				VERSIONING_SYSTEM = "apple-generic";
				VERSION_INFO_PREFIX = "";
			};
			name = Release;
		};
		AC8A36512904A1C000A43188 /* Debug */ = {
			isa = XCBuildConfiguration;
			buildSettings = {
				ALWAYS_EMBED_SWIFT_STANDARD_LIBRARIES = YES;
				CODE_SIGN_STYLE = Automatic;
				CURRENT_PROJECT_VERSION = 1;
				DEVELOPMENT_TEAM = 69845R2YL4;
				GENERATE_INFOPLIST_FILE = YES;
				MARKETING_VERSION = 1.0;
				PRODUCT_BUNDLE_IDENTIFIER = com.juancompany.DesignSystemTests;
				PRODUCT_NAME = "$(TARGET_NAME)";
				SWIFT_EMIT_LOC_STRINGS = NO;
				SWIFT_VERSION = 5.0;
				TARGETED_DEVICE_FAMILY = "1,2";
				TEST_HOST = "$(BUILT_PRODUCTS_DIR)/RecipeBook.app/RecipeBook";
			};
			name = Debug;
		};
		AC8A36522904A1C000A43188 /* Release */ = {
			isa = XCBuildConfiguration;
			buildSettings = {
				ALWAYS_EMBED_SWIFT_STANDARD_LIBRARIES = YES;
				CODE_SIGN_STYLE = Automatic;
				CURRENT_PROJECT_VERSION = 1;
				DEVELOPMENT_TEAM = 69845R2YL4;
				GENERATE_INFOPLIST_FILE = YES;
				MARKETING_VERSION = 1.0;
				PRODUCT_BUNDLE_IDENTIFIER = com.juancompany.DesignSystemTests;
				PRODUCT_NAME = "$(TARGET_NAME)";
				SWIFT_EMIT_LOC_STRINGS = NO;
				SWIFT_VERSION = 5.0;
				TARGETED_DEVICE_FAMILY = "1,2";
				TEST_HOST = "$(BUILT_PRODUCTS_DIR)/RecipeBook.app/RecipeBook";
			};
			name = Release;
		};
		AC98F17D29047E0400DFBE6F /* Debug */ = {
			isa = XCBuildConfiguration;
			buildSettings = {
				ALWAYS_SEARCH_USER_PATHS = NO;
				CLANG_ANALYZER_NONNULL = YES;
				CLANG_ANALYZER_NUMBER_OBJECT_CONVERSION = YES_AGGRESSIVE;
				CLANG_CXX_LANGUAGE_STANDARD = "gnu++17";
				CLANG_CXX_LIBRARY = "libc++";
				CLANG_ENABLE_MODULES = YES;
				CLANG_ENABLE_OBJC_ARC = YES;
				CLANG_ENABLE_OBJC_WEAK = YES;
				CLANG_WARN_BLOCK_CAPTURE_AUTORELEASING = YES;
				CLANG_WARN_BOOL_CONVERSION = YES;
				CLANG_WARN_COMMA = YES;
				CLANG_WARN_CONSTANT_CONVERSION = YES;
				CLANG_WARN_DEPRECATED_OBJC_IMPLEMENTATIONS = YES;
				CLANG_WARN_DIRECT_OBJC_ISA_USAGE = YES_ERROR;
				CLANG_WARN_DOCUMENTATION_COMMENTS = YES;
				CLANG_WARN_EMPTY_BODY = YES;
				CLANG_WARN_ENUM_CONVERSION = YES;
				CLANG_WARN_INFINITE_RECURSION = YES;
				CLANG_WARN_INT_CONVERSION = YES;
				CLANG_WARN_NON_LITERAL_NULL_CONVERSION = YES;
				CLANG_WARN_OBJC_IMPLICIT_RETAIN_SELF = YES;
				CLANG_WARN_OBJC_LITERAL_CONVERSION = YES;
				CLANG_WARN_OBJC_ROOT_CLASS = YES_ERROR;
				CLANG_WARN_QUOTED_INCLUDE_IN_FRAMEWORK_HEADER = YES;
				CLANG_WARN_RANGE_LOOP_ANALYSIS = YES;
				CLANG_WARN_STRICT_PROTOTYPES = YES;
				CLANG_WARN_SUSPICIOUS_MOVE = YES;
				CLANG_WARN_UNGUARDED_AVAILABILITY = YES_AGGRESSIVE;
				CLANG_WARN_UNREACHABLE_CODE = YES;
				CLANG_WARN__DUPLICATE_METHOD_MATCH = YES;
				COPY_PHASE_STRIP = NO;
				DEBUG_INFORMATION_FORMAT = dwarf;
				ENABLE_STRICT_OBJC_MSGSEND = YES;
				ENABLE_TESTABILITY = YES;
				GCC_C_LANGUAGE_STANDARD = gnu11;
				GCC_DYNAMIC_NO_PIC = NO;
				GCC_NO_COMMON_BLOCKS = YES;
				GCC_OPTIMIZATION_LEVEL = 0;
				GCC_PREPROCESSOR_DEFINITIONS = (
					"DEBUG=1",
					"$(inherited)",
				);
				GCC_WARN_64_TO_32_BIT_CONVERSION = YES;
				GCC_WARN_ABOUT_RETURN_TYPE = YES_ERROR;
				GCC_WARN_UNDECLARED_SELECTOR = YES;
				GCC_WARN_UNINITIALIZED_AUTOS = YES_AGGRESSIVE;
				GCC_WARN_UNUSED_FUNCTION = YES;
				GCC_WARN_UNUSED_VARIABLE = YES;
				IPHONEOS_DEPLOYMENT_TARGET = 15.2;
				MTL_ENABLE_DEBUG_INFO = INCLUDE_SOURCE;
				MTL_FAST_MATH = YES;
				ONLY_ACTIVE_ARCH = YES;
				SDKROOT = iphoneos;
				SWIFT_ACTIVE_COMPILATION_CONDITIONS = DEBUG;
				SWIFT_OPTIMIZATION_LEVEL = "-Onone";
			};
			name = Debug;
		};
		AC98F17E29047E0400DFBE6F /* Release */ = {
			isa = XCBuildConfiguration;
			buildSettings = {
				ALWAYS_SEARCH_USER_PATHS = NO;
				CLANG_ANALYZER_NONNULL = YES;
				CLANG_ANALYZER_NUMBER_OBJECT_CONVERSION = YES_AGGRESSIVE;
				CLANG_CXX_LANGUAGE_STANDARD = "gnu++17";
				CLANG_CXX_LIBRARY = "libc++";
				CLANG_ENABLE_MODULES = YES;
				CLANG_ENABLE_OBJC_ARC = YES;
				CLANG_ENABLE_OBJC_WEAK = YES;
				CLANG_WARN_BLOCK_CAPTURE_AUTORELEASING = YES;
				CLANG_WARN_BOOL_CONVERSION = YES;
				CLANG_WARN_COMMA = YES;
				CLANG_WARN_CONSTANT_CONVERSION = YES;
				CLANG_WARN_DEPRECATED_OBJC_IMPLEMENTATIONS = YES;
				CLANG_WARN_DIRECT_OBJC_ISA_USAGE = YES_ERROR;
				CLANG_WARN_DOCUMENTATION_COMMENTS = YES;
				CLANG_WARN_EMPTY_BODY = YES;
				CLANG_WARN_ENUM_CONVERSION = YES;
				CLANG_WARN_INFINITE_RECURSION = YES;
				CLANG_WARN_INT_CONVERSION = YES;
				CLANG_WARN_NON_LITERAL_NULL_CONVERSION = YES;
				CLANG_WARN_OBJC_IMPLICIT_RETAIN_SELF = YES;
				CLANG_WARN_OBJC_LITERAL_CONVERSION = YES;
				CLANG_WARN_OBJC_ROOT_CLASS = YES_ERROR;
				CLANG_WARN_QUOTED_INCLUDE_IN_FRAMEWORK_HEADER = YES;
				CLANG_WARN_RANGE_LOOP_ANALYSIS = YES;
				CLANG_WARN_STRICT_PROTOTYPES = YES;
				CLANG_WARN_SUSPICIOUS_MOVE = YES;
				CLANG_WARN_UNGUARDED_AVAILABILITY = YES_AGGRESSIVE;
				CLANG_WARN_UNREACHABLE_CODE = YES;
				CLANG_WARN__DUPLICATE_METHOD_MATCH = YES;
				COPY_PHASE_STRIP = NO;
				DEBUG_INFORMATION_FORMAT = "dwarf-with-dsym";
				ENABLE_NS_ASSERTIONS = NO;
				ENABLE_STRICT_OBJC_MSGSEND = YES;
				GCC_C_LANGUAGE_STANDARD = gnu11;
				GCC_NO_COMMON_BLOCKS = YES;
				GCC_WARN_64_TO_32_BIT_CONVERSION = YES;
				GCC_WARN_ABOUT_RETURN_TYPE = YES_ERROR;
				GCC_WARN_UNDECLARED_SELECTOR = YES;
				GCC_WARN_UNINITIALIZED_AUTOS = YES_AGGRESSIVE;
				GCC_WARN_UNUSED_FUNCTION = YES;
				GCC_WARN_UNUSED_VARIABLE = YES;
				IPHONEOS_DEPLOYMENT_TARGET = 15.2;
				MTL_ENABLE_DEBUG_INFO = NO;
				MTL_FAST_MATH = YES;
				SDKROOT = iphoneos;
				SWIFT_COMPILATION_MODE = wholemodule;
				SWIFT_OPTIMIZATION_LEVEL = "-O";
				VALIDATE_PRODUCT = YES;
			};
			name = Release;
		};
		AC98F18029047E0400DFBE6F /* Debug */ = {
			isa = XCBuildConfiguration;
			buildSettings = {
				ALWAYS_EMBED_SWIFT_STANDARD_LIBRARIES = YES;
				APIToken = b554155b72ee4c00a0c363c4843bd96a;
				ASSETCATALOG_COMPILER_APPICON_NAME = AppIcon;
				ASSETCATALOG_COMPILER_GLOBAL_ACCENT_COLOR_NAME = AccentColor;
				Base_URL = api.spoonacular.com;
				CODE_SIGN_STYLE = Automatic;
				CURRENT_PROJECT_VERSION = 1;
				DEVELOPMENT_TEAM = 69845R2YL4;
				GENERATE_INFOPLIST_FILE = YES;
				INFOPLIST_FILE = RecipeBook/Info.plist;
				INFOPLIST_KEY_UIApplicationSupportsIndirectInputEvents = YES;
				INFOPLIST_KEY_UILaunchStoryboardName = LaunchScreen;
				INFOPLIST_KEY_UISupportedInterfaceOrientations_iPad = "UIInterfaceOrientationPortrait UIInterfaceOrientationPortraitUpsideDown UIInterfaceOrientationLandscapeLeft UIInterfaceOrientationLandscapeRight";
				INFOPLIST_KEY_UISupportedInterfaceOrientations_iPhone = "UIInterfaceOrientationPortrait UIInterfaceOrientationLandscapeLeft UIInterfaceOrientationLandscapeRight";
				LD_RUNPATH_SEARCH_PATHS = (
					"$(inherited)",
					"@executable_path/Frameworks",
				);
				MARKETING_VERSION = 1.0;
				PRODUCT_BUNDLE_IDENTIFIER = com.juancompany.RecipeBook;
				PRODUCT_NAME = "$(TARGET_NAME)";
				SWIFT_EMIT_LOC_STRINGS = YES;
				SWIFT_VERSION = 5.0;
				TARGETED_DEVICE_FAMILY = "1,2";
			};
			name = Debug;
		};
		AC98F18129047E0400DFBE6F /* Release */ = {
			isa = XCBuildConfiguration;
			buildSettings = {
				ALWAYS_EMBED_SWIFT_STANDARD_LIBRARIES = YES;
				APIToken = b554155b72ee4c00a0c363c4843bd96a;
				ASSETCATALOG_COMPILER_APPICON_NAME = AppIcon;
				ASSETCATALOG_COMPILER_GLOBAL_ACCENT_COLOR_NAME = AccentColor;
				Base_URL = api.spoonacular.com;
				CODE_SIGN_STYLE = Automatic;
				CURRENT_PROJECT_VERSION = 1;
				DEVELOPMENT_TEAM = 69845R2YL4;
				GENERATE_INFOPLIST_FILE = YES;
				INFOPLIST_FILE = RecipeBook/Info.plist;
				INFOPLIST_KEY_UIApplicationSupportsIndirectInputEvents = YES;
				INFOPLIST_KEY_UILaunchStoryboardName = LaunchScreen;
				INFOPLIST_KEY_UISupportedInterfaceOrientations_iPad = "UIInterfaceOrientationPortrait UIInterfaceOrientationPortraitUpsideDown UIInterfaceOrientationLandscapeLeft UIInterfaceOrientationLandscapeRight";
				INFOPLIST_KEY_UISupportedInterfaceOrientations_iPhone = "UIInterfaceOrientationPortrait UIInterfaceOrientationLandscapeLeft UIInterfaceOrientationLandscapeRight";
				LD_RUNPATH_SEARCH_PATHS = (
					"$(inherited)",
					"@executable_path/Frameworks",
				);
				MARKETING_VERSION = 1.0;
				PRODUCT_BUNDLE_IDENTIFIER = com.juancompany.RecipeBook;
				PRODUCT_NAME = "$(TARGET_NAME)";
				SWIFT_EMIT_LOC_STRINGS = YES;
				SWIFT_VERSION = 5.0;
				TARGETED_DEVICE_FAMILY = "1,2";
			};
			name = Release;
		};
		AC98F18329047E0400DFBE6F /* Debug */ = {
			isa = XCBuildConfiguration;
			buildSettings = {
				ALWAYS_EMBED_SWIFT_STANDARD_LIBRARIES = YES;
				BUNDLE_LOADER = "$(TEST_HOST)";
				CODE_SIGN_STYLE = Automatic;
				CURRENT_PROJECT_VERSION = 1;
				DEVELOPMENT_TEAM = 69845R2YL4;
				GENERATE_INFOPLIST_FILE = YES;
				IPHONEOS_DEPLOYMENT_TARGET = 15.2;
				MARKETING_VERSION = 1.0;
				PRODUCT_BUNDLE_IDENTIFIER = com.juancompany.RecipeBookTests;
				PRODUCT_NAME = "$(TARGET_NAME)";
				SWIFT_EMIT_LOC_STRINGS = NO;
				SWIFT_VERSION = 5.0;
				TARGETED_DEVICE_FAMILY = "1,2";
				TEST_HOST = "$(BUILT_PRODUCTS_DIR)/RecipeBook.app/RecipeBook";
			};
			name = Debug;
		};
		AC98F18429047E0400DFBE6F /* Release */ = {
			isa = XCBuildConfiguration;
			buildSettings = {
				ALWAYS_EMBED_SWIFT_STANDARD_LIBRARIES = YES;
				BUNDLE_LOADER = "$(TEST_HOST)";
				CODE_SIGN_STYLE = Automatic;
				CURRENT_PROJECT_VERSION = 1;
				DEVELOPMENT_TEAM = 69845R2YL4;
				GENERATE_INFOPLIST_FILE = YES;
				IPHONEOS_DEPLOYMENT_TARGET = 15.2;
				MARKETING_VERSION = 1.0;
				PRODUCT_BUNDLE_IDENTIFIER = com.juancompany.RecipeBookTests;
				PRODUCT_NAME = "$(TARGET_NAME)";
				SWIFT_EMIT_LOC_STRINGS = NO;
				SWIFT_VERSION = 5.0;
				TARGETED_DEVICE_FAMILY = "1,2";
				TEST_HOST = "$(BUILT_PRODUCTS_DIR)/RecipeBook.app/RecipeBook";
			};
			name = Release;
		};
		AC98F18629047E0400DFBE6F /* Debug */ = {
			isa = XCBuildConfiguration;
			buildSettings = {
				ALWAYS_EMBED_SWIFT_STANDARD_LIBRARIES = YES;
				CODE_SIGN_STYLE = Automatic;
				CURRENT_PROJECT_VERSION = 1;
				DEVELOPMENT_TEAM = 69845R2YL4;
				GENERATE_INFOPLIST_FILE = YES;
				MARKETING_VERSION = 1.0;
				PRODUCT_BUNDLE_IDENTIFIER = com.juancompany.RecipeBookUITests;
				PRODUCT_NAME = "$(TARGET_NAME)";
				SWIFT_EMIT_LOC_STRINGS = NO;
				SWIFT_VERSION = 5.0;
				TARGETED_DEVICE_FAMILY = "1,2";
				TEST_TARGET_NAME = RecipeBook;
			};
			name = Debug;
		};
		AC98F18729047E0400DFBE6F /* Release */ = {
			isa = XCBuildConfiguration;
			buildSettings = {
				ALWAYS_EMBED_SWIFT_STANDARD_LIBRARIES = YES;
				CODE_SIGN_STYLE = Automatic;
				CURRENT_PROJECT_VERSION = 1;
				DEVELOPMENT_TEAM = 69845R2YL4;
				GENERATE_INFOPLIST_FILE = YES;
				MARKETING_VERSION = 1.0;
				PRODUCT_BUNDLE_IDENTIFIER = com.juancompany.RecipeBookUITests;
				PRODUCT_NAME = "$(TARGET_NAME)";
				SWIFT_EMIT_LOC_STRINGS = NO;
				SWIFT_VERSION = 5.0;
				TARGETED_DEVICE_FAMILY = "1,2";
				TEST_TARGET_NAME = RecipeBook;
			};
			name = Release;
		};
		ACB768F22905C1CA0085AE96 /* Debug */ = {
			isa = XCBuildConfiguration;
			buildSettings = {
				CODE_SIGN_STYLE = Automatic;
				CURRENT_PROJECT_VERSION = 1;
				DEFINES_MODULE = YES;
				DEVELOPMENT_TEAM = 69845R2YL4;
				DYLIB_COMPATIBILITY_VERSION = 1;
				DYLIB_CURRENT_VERSION = 1;
				DYLIB_INSTALL_NAME_BASE = "@rpath";
				GENERATE_INFOPLIST_FILE = YES;
				INFOPLIST_KEY_NSHumanReadableCopyright = "";
				INSTALL_PATH = "$(LOCAL_LIBRARY_DIR)/Frameworks";
				LD_RUNPATH_SEARCH_PATHS = (
					"$(inherited)",
					"@executable_path/Frameworks",
					"@loader_path/Frameworks",
				);
				MARKETING_VERSION = 1.0;
				PRODUCT_BUNDLE_IDENTIFIER = com.juancompany.APIManager;
				PRODUCT_NAME = "$(TARGET_NAME:c99extidentifier)";
				SKIP_INSTALL = YES;
				SWIFT_EMIT_LOC_STRINGS = YES;
				SWIFT_VERSION = 5.0;
				TARGETED_DEVICE_FAMILY = "1,2";
				VERSIONING_SYSTEM = "apple-generic";
				VERSION_INFO_PREFIX = "";
			};
			name = Debug;
		};
		ACB768F32905C1CA0085AE96 /* Release */ = {
			isa = XCBuildConfiguration;
			buildSettings = {
				CODE_SIGN_STYLE = Automatic;
				CURRENT_PROJECT_VERSION = 1;
				DEFINES_MODULE = YES;
				DEVELOPMENT_TEAM = 69845R2YL4;
				DYLIB_COMPATIBILITY_VERSION = 1;
				DYLIB_CURRENT_VERSION = 1;
				DYLIB_INSTALL_NAME_BASE = "@rpath";
				GENERATE_INFOPLIST_FILE = YES;
				INFOPLIST_KEY_NSHumanReadableCopyright = "";
				INSTALL_PATH = "$(LOCAL_LIBRARY_DIR)/Frameworks";
				LD_RUNPATH_SEARCH_PATHS = (
					"$(inherited)",
					"@executable_path/Frameworks",
					"@loader_path/Frameworks",
				);
				MARKETING_VERSION = 1.0;
				PRODUCT_BUNDLE_IDENTIFIER = com.juancompany.APIManager;
				PRODUCT_NAME = "$(TARGET_NAME:c99extidentifier)";
				SKIP_INSTALL = YES;
				SWIFT_EMIT_LOC_STRINGS = YES;
				SWIFT_VERSION = 5.0;
				TARGETED_DEVICE_FAMILY = "1,2";
				VERSIONING_SYSTEM = "apple-generic";
				VERSION_INFO_PREFIX = "";
			};
			name = Release;
		};
		ACB768F42905C1CA0085AE96 /* Debug */ = {
			isa = XCBuildConfiguration;
			buildSettings = {
				ALWAYS_EMBED_SWIFT_STANDARD_LIBRARIES = YES;
				CODE_SIGN_STYLE = Automatic;
				CURRENT_PROJECT_VERSION = 1;
				DEVELOPMENT_TEAM = 69845R2YL4;
				GENERATE_INFOPLIST_FILE = YES;
				MARKETING_VERSION = 1.0;
				PRODUCT_BUNDLE_IDENTIFIER = com.juancompany.APIManagerTests;
				PRODUCT_NAME = "$(TARGET_NAME)";
				SWIFT_EMIT_LOC_STRINGS = NO;
				SWIFT_VERSION = 5.0;
				TARGETED_DEVICE_FAMILY = "1,2";
				TEST_HOST = "$(BUILT_PRODUCTS_DIR)/RecipeBook.app/RecipeBook";
			};
			name = Debug;
		};
		ACB768F52905C1CA0085AE96 /* Release */ = {
			isa = XCBuildConfiguration;
			buildSettings = {
				ALWAYS_EMBED_SWIFT_STANDARD_LIBRARIES = YES;
				CODE_SIGN_STYLE = Automatic;
				CURRENT_PROJECT_VERSION = 1;
				DEVELOPMENT_TEAM = 69845R2YL4;
				GENERATE_INFOPLIST_FILE = YES;
				MARKETING_VERSION = 1.0;
				PRODUCT_BUNDLE_IDENTIFIER = com.juancompany.APIManagerTests;
				PRODUCT_NAME = "$(TARGET_NAME)";
				SWIFT_EMIT_LOC_STRINGS = NO;
				SWIFT_VERSION = 5.0;
				TARGETED_DEVICE_FAMILY = "1,2";
				TEST_HOST = "$(BUILT_PRODUCTS_DIR)/RecipeBook.app/RecipeBook";
			};
			name = Release;
		};
/* End XCBuildConfiguration section */

/* Begin XCConfigurationList section */
		AC8A36532904A1C000A43188 /* Build configuration list for PBXNativeTarget "DesignSystem" */ = {
			isa = XCConfigurationList;
			buildConfigurations = (
				AC8A364F2904A1C000A43188 /* Debug */,
				AC8A36502904A1C000A43188 /* Release */,
			);
			defaultConfigurationIsVisible = 0;
			defaultConfigurationName = Release;
		};
		AC8A36542904A1C000A43188 /* Build configuration list for PBXNativeTarget "DesignSystemTests" */ = {
			isa = XCConfigurationList;
			buildConfigurations = (
				AC8A36512904A1C000A43188 /* Debug */,
				AC8A36522904A1C000A43188 /* Release */,
			);
			defaultConfigurationIsVisible = 0;
			defaultConfigurationName = Release;
		};
		AC98F15029047E0300DFBE6F /* Build configuration list for PBXProject "RecipeBook" */ = {
			isa = XCConfigurationList;
			buildConfigurations = (
				AC98F17D29047E0400DFBE6F /* Debug */,
				AC98F17E29047E0400DFBE6F /* Release */,
			);
			defaultConfigurationIsVisible = 0;
			defaultConfigurationName = Release;
		};
		AC98F17F29047E0400DFBE6F /* Build configuration list for PBXNativeTarget "RecipeBook" */ = {
			isa = XCConfigurationList;
			buildConfigurations = (
				AC98F18029047E0400DFBE6F /* Debug */,
				AC98F18129047E0400DFBE6F /* Release */,
			);
			defaultConfigurationIsVisible = 0;
			defaultConfigurationName = Release;
		};
		AC98F18229047E0400DFBE6F /* Build configuration list for PBXNativeTarget "RecipeBookTests" */ = {
			isa = XCConfigurationList;
			buildConfigurations = (
				AC98F18329047E0400DFBE6F /* Debug */,
				AC98F18429047E0400DFBE6F /* Release */,
			);
			defaultConfigurationIsVisible = 0;
			defaultConfigurationName = Release;
		};
		AC98F18529047E0400DFBE6F /* Build configuration list for PBXNativeTarget "RecipeBookUITests" */ = {
			isa = XCConfigurationList;
			buildConfigurations = (
				AC98F18629047E0400DFBE6F /* Debug */,
				AC98F18729047E0400DFBE6F /* Release */,
			);
			defaultConfigurationIsVisible = 0;
			defaultConfigurationName = Release;
		};
		ACB768F62905C1CA0085AE96 /* Build configuration list for PBXNativeTarget "APIManager" */ = {
			isa = XCConfigurationList;
			buildConfigurations = (
				ACB768F22905C1CA0085AE96 /* Debug */,
				ACB768F32905C1CA0085AE96 /* Release */,
			);
			defaultConfigurationIsVisible = 0;
			defaultConfigurationName = Release;
		};
		ACB768F72905C1CA0085AE96 /* Build configuration list for PBXNativeTarget "APIManagerTests" */ = {
			isa = XCConfigurationList;
			buildConfigurations = (
				ACB768F42905C1CA0085AE96 /* Debug */,
				ACB768F52905C1CA0085AE96 /* Release */,
			);
			defaultConfigurationIsVisible = 0;
			defaultConfigurationName = Release;
		};
/* End XCConfigurationList section */

/* Begin XCRemoteSwiftPackageReference section */
		AC845A1B29063E9700BDE569 /* XCRemoteSwiftPackageReference "realm-swift" */ = {
			isa = XCRemoteSwiftPackageReference;
			repositoryURL = "https://github.com/realm/realm-swift.git";
			requirement = {
				kind = upToNextMajorVersion;
				minimumVersion = 10.32.0;
			};
		};
		AC98F18829047F8600DFBE6F /* XCRemoteSwiftPackageReference "lottie-ios" */ = {
			isa = XCRemoteSwiftPackageReference;
			repositoryURL = "https://github.com/airbnb/lottie-ios.git";
			requirement = {
				kind = upToNextMajorVersion;
				minimumVersion = 3.0.0;
			};
		};
/* End XCRemoteSwiftPackageReference section */

/* Begin XCSwiftPackageProductDependency section */
		AC845A1C29063E9700BDE569 /* RealmSwift */ = {
			isa = XCSwiftPackageProductDependency;
			package = AC845A1B29063E9700BDE569 /* XCRemoteSwiftPackageReference "realm-swift" */;
			productName = RealmSwift;
		};
		AC98F18929047F8600DFBE6F /* Lottie */ = {
			isa = XCSwiftPackageProductDependency;
			package = AC98F18829047F8600DFBE6F /* XCRemoteSwiftPackageReference "lottie-ios" */;
			productName = Lottie;
		};
/* End XCSwiftPackageProductDependency section */
	};
	rootObject = AC98F14D29047E0300DFBE6F /* Project object */;
}
